// !$*UTF8*$!
{
	archiveVersion = 1;
	classes = {
	};
	objectVersion = 55;
	objects = {

/* Begin PBXBuildFile section */
		20063D712902F4910025C906 /* Lottie in Frameworks */ = {isa = PBXBuildFile; productRef = 20063D702902F4910025C906 /* Lottie */; };
		20063D782902F60A0025C906 /* CheckmarkView.swift in Sources */ = {isa = PBXBuildFile; fileRef = 20063D772902F60A0025C906 /* CheckmarkView.swift */; };
		20063D802902FBEF0025C906 /* LoadingView.swift in Sources */ = {isa = PBXBuildFile; fileRef = 20063D7F2902FBEF0025C906 /* LoadingView.swift */; };
		20063D85290438ED0025C906 /* ErrorView.swift in Sources */ = {isa = PBXBuildFile; fileRef = 20063D84290438ED0025C906 /* ErrorView.swift */; };
		20063D8C29043DCA0025C906 /* DataView.swift in Sources */ = {isa = PBXBuildFile; fileRef = 20063D8B29043DCA0025C906 /* DataView.swift */; };
		20063D9129045A500025C906 /* AstronautView.swift in Sources */ = {isa = PBXBuildFile; fileRef = 20063D9029045A500025C906 /* AstronautView.swift */; };
		20075CF428784EA7004743B1 /* SecureTextField.swift in Sources */ = {isa = PBXBuildFile; fileRef = 20075CF328784EA7004743B1 /* SecureTextField.swift */; };
		2008EEAD2927F2C30053BE87 /* NetworkService.swift in Sources */ = {isa = PBXBuildFile; fileRef = 2008EEAC2927F2C30053BE87 /* NetworkService.swift */; };
		2008EEB02927F5C50053BE87 /* NoConnectionView.swift in Sources */ = {isa = PBXBuildFile; fileRef = 2008EEAF2927F5C50053BE87 /* NoConnectionView.swift */; };
		2008EEB32927FD630053BE87 /* ModalNavigationView.swift in Sources */ = {isa = PBXBuildFile; fileRef = 2008EEB22927FD630053BE87 /* ModalNavigationView.swift */; };
		201D56C328DDA36200CB5025 /* Assets.xcassets in Resources */ = {isa = PBXBuildFile; fileRef = 201D56C228DDA36200CB5025 /* Assets.xcassets */; };
		201D56C528DDDB8000CB5025 /* StatsDisciplineFilter.swift in Sources */ = {isa = PBXBuildFile; fileRef = 201D56C428DDDB8000CB5025 /* StatsDisciplineFilter.swift */; };
		2049A4812906796300D5A6E0 /* astronaut.json in Resources */ = {isa = PBXBuildFile; fileRef = 2049A4802906796300D5A6E0 /* astronaut.json */; };
		2049A4832906798700D5A6E0 /* checkmark.json in Resources */ = {isa = PBXBuildFile; fileRef = 2049A4822906798700D5A6E0 /* checkmark.json */; };
		2049A4852906799F00D5A6E0 /* data.json in Resources */ = {isa = PBXBuildFile; fileRef = 2049A4842906799F00D5A6E0 /* data.json */; };
		2049A487290679B000D5A6E0 /* error.json in Resources */ = {isa = PBXBuildFile; fileRef = 2049A486290679AF00D5A6E0 /* error.json */; };
		2049A489290679BD00D5A6E0 /* loading.json in Resources */ = {isa = PBXBuildFile; fileRef = 2049A488290679BD00D5A6E0 /* loading.json */; };
		2049A48B2906897900D5A6E0 /* GoogleService-Info.plist in Resources */ = {isa = PBXBuildFile; fileRef = 2049A48A2906897900D5A6E0 /* GoogleService-Info.plist */; };
		204B031428E59AFA00C845DA /* CircularProgressView.swift in Sources */ = {isa = PBXBuildFile; fileRef = 204B031328E59AF900C845DA /* CircularProgressView.swift */; };
		2050050128D0CB400006795A /* MessageView.swift in Sources */ = {isa = PBXBuildFile; fileRef = 2050050028D0CB400006795A /* MessageView.swift */; };
		20704BB528D612F80058CDB6 /* SplashScreen.swift in Sources */ = {isa = PBXBuildFile; fileRef = 20704BB428D612F80058CDB6 /* SplashScreen.swift */; };
		2072277128FC0F3A00703811 /* FeedbackService.swift in Sources */ = {isa = PBXBuildFile; fileRef = 2072277028FC0F3A00703811 /* FeedbackService.swift */; };
		20755F74287ACE60009E63DB /* SearchBar.swift in Sources */ = {isa = PBXBuildFile; fileRef = 20755F73287ACE60009E63DB /* SearchBar.swift */; };
		208A82D128E0A9B4006173EF /* AllStatsView.swift in Sources */ = {isa = PBXBuildFile; fileRef = 208A82D028E0A9B4006173EF /* AllStatsView.swift */; };
		20AD4897290BEB0900A1113F /* AuthenticationHelpView.swift in Sources */ = {isa = PBXBuildFile; fileRef = 20AD4896290BEB0900A1113F /* AuthenticationHelpView.swift */; };
		20AD489A290BF38500A1113F /* DeleteAccountSheetView.swift in Sources */ = {isa = PBXBuildFile; fileRef = 20AD4899290BF38500A1113F /* DeleteAccountSheetView.swift */; };
		20AD489C290BFA4900A1113F /* AuthenticationHelpViewModel.swift in Sources */ = {isa = PBXBuildFile; fileRef = 20AD489B290BFA4900A1113F /* AuthenticationHelpViewModel.swift */; };
		20AD489F290C13D500A1113F /* FirebaseCrashlytics in Frameworks */ = {isa = PBXBuildFile; productRef = 20AD489E290C13D500A1113F /* FirebaseCrashlytics */; };
		20B2906A28CBA96E006E6635 /* SettingsRow.swift in Sources */ = {isa = PBXBuildFile; fileRef = 20B2906928CBA96E006E6635 /* SettingsRow.swift */; };
		20B2906C28CBAECE006E6635 /* ThemeSettingsRow.swift in Sources */ = {isa = PBXBuildFile; fileRef = 20B2906B28CBAECE006E6635 /* ThemeSettingsRow.swift */; };
		20F7373628EC490F001CF521 /* MainStats.swift in Sources */ = {isa = PBXBuildFile; fileRef = 20F7373528EC490F001CF521 /* MainStats.swift */; };
		225A1EFA282018F300C2C81E /* TrainingListViewModel.swift in Sources */ = {isa = PBXBuildFile; fileRef = 225A1EF9282018F300C2C81E /* TrainingListViewModel.swift */; };
		225A1EFD28201B4300C2C81E /* SkiDay.swift in Sources */ = {isa = PBXBuildFile; fileRef = 225A1EFC28201B4300C2C81E /* SkiDay.swift */; };
		225A1F012820FB4E00C2C81E /* TrainingDetailsViewModel.swift in Sources */ = {isa = PBXBuildFile; fileRef = 225A1F002820FB4E00C2C81E /* TrainingDetailsViewModel.swift */; };
		225A1F0728214C1C00C2C81E /* HomeViewModel.swift in Sources */ = {isa = PBXBuildFile; fileRef = 225A1F0628214C1B00C2C81E /* HomeViewModel.swift */; };
		225A1F0F2821559100C2C81E /* FilteredDaysView.swift in Sources */ = {isa = PBXBuildFile; fileRef = 225A1F0E2821559100C2C81E /* FilteredDaysView.swift */; };
		225A1F12282158C700C2C81E /* FilteredDaysViewModel.swift in Sources */ = {isa = PBXBuildFile; fileRef = 225A1F11282158C700C2C81E /* FilteredDaysViewModel.swift */; };
		225A1F1728228CFF00C2C81E /* SettingsView.swift in Sources */ = {isa = PBXBuildFile; fileRef = 225A1F1628228CFE00C2C81E /* SettingsView.swift */; };
		225A1F192822903700C2C81E /* SettingsViewModel.swift in Sources */ = {isa = PBXBuildFile; fileRef = 225A1F182822903600C2C81E /* SettingsViewModel.swift */; };
		22775C9B2823CD2800849BE3 /* User.swift in Sources */ = {isa = PBXBuildFile; fileRef = 22775C9A2823CD2800849BE3 /* User.swift */; };
		22775C9D2823D1BC00849BE3 /* UserService.swift in Sources */ = {isa = PBXBuildFile; fileRef = 22775C9C2823D1BC00849BE3 /* UserService.swift */; };
		22848DB8281BDBBD00AF996F /* SkiDaysApp.swift in Sources */ = {isa = PBXBuildFile; fileRef = 22848DB7281BDBBD00AF996F /* SkiDaysApp.swift */; };
		22848DBA281BDBBD00AF996F /* ContentView.swift in Sources */ = {isa = PBXBuildFile; fileRef = 22848DB9281BDBBD00AF996F /* ContentView.swift */; };
		22848DBF281BDBC800AF996F /* Preview Assets.xcassets in Resources */ = {isa = PBXBuildFile; fileRef = 22848DBE281BDBC800AF996F /* Preview Assets.xcassets */; };
		22848DCB281BDD0600AF996F /* LoginView.swift in Sources */ = {isa = PBXBuildFile; fileRef = 22848DCA281BDD0600AF996F /* LoginView.swift */; };
		22848DCD281BDD1400AF996F /* RegistrationView.swift in Sources */ = {isa = PBXBuildFile; fileRef = 22848DCC281BDD1400AF996F /* RegistrationView.swift */; };
		22848DCF281BDF5E00AF996F /* CustomInputField.swift in Sources */ = {isa = PBXBuildFile; fileRef = 22848DCE281BDF5E00AF996F /* CustomInputField.swift */; };
		22848DD1281BDF7100AF996F /* AuthenticationHeader.swift in Sources */ = {isa = PBXBuildFile; fileRef = 22848DD0281BDF7100AF996F /* AuthenticationHeader.swift */; };
		22848DD3281BDF9600AF996F /* RoundedShape.swift in Sources */ = {isa = PBXBuildFile; fileRef = 22848DD2281BDF9600AF996F /* RoundedShape.swift */; };
		22848DD5281BE0D700AF996F /* Extentions.swift in Sources */ = {isa = PBXBuildFile; fileRef = 22848DD4281BE0D700AF996F /* Extentions.swift */; };
		22848DD8281BEA4A00AF996F /* HomeView.swift in Sources */ = {isa = PBXBuildFile; fileRef = 22848DD7281BEA4A00AF996F /* HomeView.swift */; };
		22848DDB281BEAC700AF996F /* DisciplineButtonView.swift in Sources */ = {isa = PBXBuildFile; fileRef = 22848DDA281BEAC700AF996F /* DisciplineButtonView.swift */; };
		22848DDE281BEF1C00AF996F /* TrainingDetailsView.swift in Sources */ = {isa = PBXBuildFile; fileRef = 22848DDD281BEF1C00AF996F /* TrainingDetailsView.swift */; };
		22848DE0281BEF5900AF996F /* DetailRowView.swift in Sources */ = {isa = PBXBuildFile; fileRef = 22848DDF281BEF5900AF996F /* DetailRowView.swift */; };
		22848DE3281BF6FB00AF996F /* TrainingsListView.swift in Sources */ = {isa = PBXBuildFile; fileRef = 22848DE2281BF6FB00AF996F /* TrainingsListView.swift */; };
		22848DE6281BF76A00AF996F /* TrainingRowView.swift in Sources */ = {isa = PBXBuildFile; fileRef = 22848DE5281BF76A00AF996F /* TrainingRowView.swift */; };
		22848DE9281C016700AF996F /* MainTabView.swift in Sources */ = {isa = PBXBuildFile; fileRef = 22848DE8281C016700AF996F /* MainTabView.swift */; };
		22928AD8281C086B000FCEFA /* AddTrainingView.swift in Sources */ = {isa = PBXBuildFile; fileRef = 22928AD7281C086B000FCEFA /* AddTrainingView.swift */; };
		22928ADB281C0B1D000FCEFA /* StatsView.swift in Sources */ = {isa = PBXBuildFile; fileRef = 22928ADA281C0B1D000FCEFA /* StatsView.swift */; };
		22928ADF281D1EE7000FCEFA /* DisciplineButtonViewModel.swift in Sources */ = {isa = PBXBuildFile; fileRef = 22928ADE281D1EE7000FCEFA /* DisciplineButtonViewModel.swift */; };
		22928AE1281D2291000FCEFA /* PickDisciplineButton.swift in Sources */ = {isa = PBXBuildFile; fileRef = 22928AE0281D2291000FCEFA /* PickDisciplineButton.swift */; };
		22928AED281FC734000FCEFA /* FirebaseAuth in Frameworks */ = {isa = PBXBuildFile; productRef = 22928AEC281FC734000FCEFA /* FirebaseAuth */; };
		22928AEF281FC734000FCEFA /* FirebaseFirestore in Frameworks */ = {isa = PBXBuildFile; productRef = 22928AEE281FC734000FCEFA /* FirebaseFirestore */; };
		22928AF1281FC734000FCEFA /* FirebaseFirestoreSwift-Beta in Frameworks */ = {isa = PBXBuildFile; productRef = 22928AF0281FC734000FCEFA /* FirebaseFirestoreSwift-Beta */; };
		22928AF3281FC734000FCEFA /* FirebaseStorage in Frameworks */ = {isa = PBXBuildFile; productRef = 22928AF2281FC734000FCEFA /* FirebaseStorage */; };
		22928AF5281FCD17000FCEFA /* AuthViewModel.swift in Sources */ = {isa = PBXBuildFile; fileRef = 22928AF4281FCD16000FCEFA /* AuthViewModel.swift */; };
		2297F094284CA5AD00ACDBDF /* VideoPicker.swift in Sources */ = {isa = PBXBuildFile; fileRef = 2297F093284CA5AC00ACDBDF /* VideoPicker.swift */; };
		22C7A061281FF3C1003A9936 /* SkiDayService.swift in Sources */ = {isa = PBXBuildFile; fileRef = 22C7A060281FF3C1003A9936 /* SkiDayService.swift */; };
		22C7A063281FF67A003A9936 /* UploadSkiDayViewModel.swift in Sources */ = {isa = PBXBuildFile; fileRef = 22C7A062281FF67A003A9936 /* UploadSkiDayViewModel.swift */; };
		22F04E33284F56C100A5F03B /* DisciplineStatsRow.swift in Sources */ = {isa = PBXBuildFile; fileRef = 22F04E32284F56C100A5F03B /* DisciplineStatsRow.swift */; };
		22F04E37284F5E6B00A5F03B /* StatsViewModel.swift in Sources */ = {isa = PBXBuildFile; fileRef = 22F04E36284F5E6B00A5F03B /* StatsViewModel.swift */; };
		22F04E39284F5EC000A5F03B /* DisciplineStats.swift in Sources */ = {isa = PBXBuildFile; fileRef = 22F04E38284F5EC000A5F03B /* DisciplineStats.swift */; };
		22F04E3B284F601300A5F03B /* StatsService.swift in Sources */ = {isa = PBXBuildFile; fileRef = 22F04E3A284F601300A5F03B /* StatsService.swift */; };
/* End PBXBuildFile section */

/* Begin PBXFileReference section */
		20063D772902F60A0025C906 /* CheckmarkView.swift */ = {isa = PBXFileReference; lastKnownFileType = sourcecode.swift; path = CheckmarkView.swift; sourceTree = "<group>"; };
		20063D7F2902FBEF0025C906 /* LoadingView.swift */ = {isa = PBXFileReference; lastKnownFileType = sourcecode.swift; path = LoadingView.swift; sourceTree = "<group>"; };
		20063D84290438ED0025C906 /* ErrorView.swift */ = {isa = PBXFileReference; lastKnownFileType = sourcecode.swift; path = ErrorView.swift; sourceTree = "<group>"; };
		20063D8B29043DCA0025C906 /* DataView.swift */ = {isa = PBXFileReference; lastKnownFileType = sourcecode.swift; path = DataView.swift; sourceTree = "<group>"; };
		20063D9029045A500025C906 /* AstronautView.swift */ = {isa = PBXFileReference; lastKnownFileType = sourcecode.swift; path = AstronautView.swift; sourceTree = "<group>"; };
		20075CF328784EA7004743B1 /* SecureTextField.swift */ = {isa = PBXFileReference; lastKnownFileType = sourcecode.swift; path = SecureTextField.swift; sourceTree = "<group>"; };
		2008EEAC2927F2C30053BE87 /* NetworkService.swift */ = {isa = PBXFileReference; lastKnownFileType = sourcecode.swift; path = NetworkService.swift; sourceTree = "<group>"; };
		2008EEAF2927F5C50053BE87 /* NoConnectionView.swift */ = {isa = PBXFileReference; lastKnownFileType = sourcecode.swift; path = NoConnectionView.swift; sourceTree = "<group>"; };
		2008EEB22927FD630053BE87 /* ModalNavigationView.swift */ = {isa = PBXFileReference; lastKnownFileType = sourcecode.swift; path = ModalNavigationView.swift; sourceTree = "<group>"; };
		201D56C228DDA36200CB5025 /* Assets.xcassets */ = {isa = PBXFileReference; lastKnownFileType = folder.assetcatalog; path = Assets.xcassets; sourceTree = "<group>"; };
		201D56C428DDDB8000CB5025 /* StatsDisciplineFilter.swift */ = {isa = PBXFileReference; lastKnownFileType = sourcecode.swift; path = StatsDisciplineFilter.swift; sourceTree = "<group>"; };
		2049A4802906796300D5A6E0 /* astronaut.json */ = {isa = PBXFileReference; fileEncoding = 4; lastKnownFileType = text.json; path = astronaut.json; sourceTree = "<group>"; };
		2049A4822906798700D5A6E0 /* checkmark.json */ = {isa = PBXFileReference; fileEncoding = 4; lastKnownFileType = text.json; path = checkmark.json; sourceTree = "<group>"; };
		2049A4842906799F00D5A6E0 /* data.json */ = {isa = PBXFileReference; fileEncoding = 4; lastKnownFileType = text.json; path = data.json; sourceTree = "<group>"; };
		2049A486290679AF00D5A6E0 /* error.json */ = {isa = PBXFileReference; fileEncoding = 4; lastKnownFileType = text.json; path = error.json; sourceTree = "<group>"; };
		2049A488290679BD00D5A6E0 /* loading.json */ = {isa = PBXFileReference; fileEncoding = 4; lastKnownFileType = text.json; path = loading.json; sourceTree = "<group>"; };
		2049A48A2906897900D5A6E0 /* GoogleService-Info.plist */ = {isa = PBXFileReference; lastKnownFileType = text.plist; path = "GoogleService-Info.plist"; sourceTree = SOURCE_ROOT; };
		204B031328E59AF900C845DA /* CircularProgressView.swift */ = {isa = PBXFileReference; lastKnownFileType = sourcecode.swift; path = CircularProgressView.swift; sourceTree = "<group>"; };
		2050050028D0CB400006795A /* MessageView.swift */ = {isa = PBXFileReference; lastKnownFileType = sourcecode.swift; path = MessageView.swift; sourceTree = "<group>"; };
		20704BB428D612F80058CDB6 /* SplashScreen.swift */ = {isa = PBXFileReference; lastKnownFileType = sourcecode.swift; path = SplashScreen.swift; sourceTree = "<group>"; };
		2072277028FC0F3A00703811 /* FeedbackService.swift */ = {isa = PBXFileReference; lastKnownFileType = sourcecode.swift; path = FeedbackService.swift; sourceTree = "<group>"; };
		20755F73287ACE60009E63DB /* SearchBar.swift */ = {isa = PBXFileReference; lastKnownFileType = sourcecode.swift; path = SearchBar.swift; sourceTree = "<group>"; };
		208A82D028E0A9B4006173EF /* AllStatsView.swift */ = {isa = PBXFileReference; lastKnownFileType = sourcecode.swift; path = AllStatsView.swift; sourceTree = "<group>"; };
		20AD4896290BEB0900A1113F /* AuthenticationHelpView.swift */ = {isa = PBXFileReference; lastKnownFileType = sourcecode.swift; path = AuthenticationHelpView.swift; sourceTree = "<group>"; };
		20AD4899290BF38500A1113F /* DeleteAccountSheetView.swift */ = {isa = PBXFileReference; lastKnownFileType = sourcecode.swift; path = DeleteAccountSheetView.swift; sourceTree = "<group>"; };
		20AD489B290BFA4900A1113F /* AuthenticationHelpViewModel.swift */ = {isa = PBXFileReference; lastKnownFileType = sourcecode.swift; path = AuthenticationHelpViewModel.swift; sourceTree = "<group>"; };
		20B2906928CBA96E006E6635 /* SettingsRow.swift */ = {isa = PBXFileReference; lastKnownFileType = sourcecode.swift; path = SettingsRow.swift; sourceTree = "<group>"; };
		20B2906B28CBAECE006E6635 /* ThemeSettingsRow.swift */ = {isa = PBXFileReference; lastKnownFileType = sourcecode.swift; path = ThemeSettingsRow.swift; sourceTree = "<group>"; };
		20F7373528EC490F001CF521 /* MainStats.swift */ = {isa = PBXFileReference; lastKnownFileType = sourcecode.swift; path = MainStats.swift; sourceTree = "<group>"; };
		225A1EF9282018F300C2C81E /* TrainingListViewModel.swift */ = {isa = PBXFileReference; lastKnownFileType = sourcecode.swift; path = TrainingListViewModel.swift; sourceTree = "<group>"; };
		225A1EFC28201B4300C2C81E /* SkiDay.swift */ = {isa = PBXFileReference; lastKnownFileType = sourcecode.swift; path = SkiDay.swift; sourceTree = "<group>"; };
		225A1F002820FB4E00C2C81E /* TrainingDetailsViewModel.swift */ = {isa = PBXFileReference; lastKnownFileType = sourcecode.swift; path = TrainingDetailsViewModel.swift; sourceTree = "<group>"; };
		225A1F0628214C1B00C2C81E /* HomeViewModel.swift */ = {isa = PBXFileReference; lastKnownFileType = sourcecode.swift; path = HomeViewModel.swift; sourceTree = "<group>"; };
		225A1F0E2821559100C2C81E /* FilteredDaysView.swift */ = {isa = PBXFileReference; lastKnownFileType = sourcecode.swift; path = FilteredDaysView.swift; sourceTree = "<group>"; };
		225A1F11282158C700C2C81E /* FilteredDaysViewModel.swift */ = {isa = PBXFileReference; lastKnownFileType = sourcecode.swift; path = FilteredDaysViewModel.swift; sourceTree = "<group>"; };
		225A1F1628228CFE00C2C81E /* SettingsView.swift */ = {isa = PBXFileReference; lastKnownFileType = sourcecode.swift; path = SettingsView.swift; sourceTree = "<group>"; };
		225A1F182822903600C2C81E /* SettingsViewModel.swift */ = {isa = PBXFileReference; lastKnownFileType = sourcecode.swift; path = SettingsViewModel.swift; sourceTree = "<group>"; };
		22775C9A2823CD2800849BE3 /* User.swift */ = {isa = PBXFileReference; lastKnownFileType = sourcecode.swift; path = User.swift; sourceTree = "<group>"; };
		22775C9C2823D1BC00849BE3 /* UserService.swift */ = {isa = PBXFileReference; lastKnownFileType = sourcecode.swift; path = UserService.swift; sourceTree = "<group>"; };
		22848DB4281BDBBD00AF996F /* SkiDays.app */ = {isa = PBXFileReference; explicitFileType = wrapper.application; includeInIndex = 0; path = SkiDays.app; sourceTree = BUILT_PRODUCTS_DIR; };
		22848DB7281BDBBD00AF996F /* SkiDaysApp.swift */ = {isa = PBXFileReference; lastKnownFileType = sourcecode.swift; path = SkiDaysApp.swift; sourceTree = "<group>"; };
		22848DB9281BDBBD00AF996F /* ContentView.swift */ = {isa = PBXFileReference; lastKnownFileType = sourcecode.swift; path = ContentView.swift; sourceTree = "<group>"; };
		22848DBE281BDBC800AF996F /* Preview Assets.xcassets */ = {isa = PBXFileReference; lastKnownFileType = folder.assetcatalog; path = "Preview Assets.xcassets"; sourceTree = "<group>"; };
		22848DCA281BDD0600AF996F /* LoginView.swift */ = {isa = PBXFileReference; lastKnownFileType = sourcecode.swift; path = LoginView.swift; sourceTree = "<group>"; };
		22848DCC281BDD1400AF996F /* RegistrationView.swift */ = {isa = PBXFileReference; lastKnownFileType = sourcecode.swift; path = RegistrationView.swift; sourceTree = "<group>"; };
		22848DCE281BDF5E00AF996F /* CustomInputField.swift */ = {isa = PBXFileReference; fileEncoding = 4; lastKnownFileType = sourcecode.swift; path = CustomInputField.swift; sourceTree = "<group>"; };
		22848DD0281BDF7100AF996F /* AuthenticationHeader.swift */ = {isa = PBXFileReference; fileEncoding = 4; lastKnownFileType = sourcecode.swift; path = AuthenticationHeader.swift; sourceTree = "<group>"; };
		22848DD2281BDF9600AF996F /* RoundedShape.swift */ = {isa = PBXFileReference; fileEncoding = 4; lastKnownFileType = sourcecode.swift; path = RoundedShape.swift; sourceTree = "<group>"; };
		22848DD4281BE0D700AF996F /* Extentions.swift */ = {isa = PBXFileReference; lastKnownFileType = sourcecode.swift; path = Extentions.swift; sourceTree = "<group>"; };
		22848DD7281BEA4A00AF996F /* HomeView.swift */ = {isa = PBXFileReference; lastKnownFileType = sourcecode.swift; path = HomeView.swift; sourceTree = "<group>"; };
		22848DDA281BEAC700AF996F /* DisciplineButtonView.swift */ = {isa = PBXFileReference; lastKnownFileType = sourcecode.swift; path = DisciplineButtonView.swift; sourceTree = "<group>"; };
		22848DDD281BEF1C00AF996F /* TrainingDetailsView.swift */ = {isa = PBXFileReference; lastKnownFileType = sourcecode.swift; path = TrainingDetailsView.swift; sourceTree = "<group>"; };
		22848DDF281BEF5900AF996F /* DetailRowView.swift */ = {isa = PBXFileReference; lastKnownFileType = sourcecode.swift; path = DetailRowView.swift; sourceTree = "<group>"; };
		22848DE2281BF6FB00AF996F /* TrainingsListView.swift */ = {isa = PBXFileReference; lastKnownFileType = sourcecode.swift; path = TrainingsListView.swift; sourceTree = "<group>"; };
		22848DE5281BF76A00AF996F /* TrainingRowView.swift */ = {isa = PBXFileReference; lastKnownFileType = sourcecode.swift; path = TrainingRowView.swift; sourceTree = "<group>"; };
		22848DE8281C016700AF996F /* MainTabView.swift */ = {isa = PBXFileReference; lastKnownFileType = sourcecode.swift; path = MainTabView.swift; sourceTree = "<group>"; };
		22928AD7281C086B000FCEFA /* AddTrainingView.swift */ = {isa = PBXFileReference; lastKnownFileType = sourcecode.swift; path = AddTrainingView.swift; sourceTree = "<group>"; };
		22928ADA281C0B1D000FCEFA /* StatsView.swift */ = {isa = PBXFileReference; lastKnownFileType = sourcecode.swift; path = StatsView.swift; sourceTree = "<group>"; };
		22928ADE281D1EE7000FCEFA /* DisciplineButtonViewModel.swift */ = {isa = PBXFileReference; lastKnownFileType = sourcecode.swift; path = DisciplineButtonViewModel.swift; sourceTree = "<group>"; };
		22928AE0281D2291000FCEFA /* PickDisciplineButton.swift */ = {isa = PBXFileReference; lastKnownFileType = sourcecode.swift; path = PickDisciplineButton.swift; sourceTree = "<group>"; };
		22928AF4281FCD16000FCEFA /* AuthViewModel.swift */ = {isa = PBXFileReference; lastKnownFileType = sourcecode.swift; path = AuthViewModel.swift; sourceTree = "<group>"; };
		2297F093284CA5AC00ACDBDF /* VideoPicker.swift */ = {isa = PBXFileReference; lastKnownFileType = sourcecode.swift; path = VideoPicker.swift; sourceTree = "<group>"; };
		22C7A060281FF3C1003A9936 /* SkiDayService.swift */ = {isa = PBXFileReference; lastKnownFileType = sourcecode.swift; path = SkiDayService.swift; sourceTree = "<group>"; };
		22C7A062281FF67A003A9936 /* UploadSkiDayViewModel.swift */ = {isa = PBXFileReference; lastKnownFileType = sourcecode.swift; path = UploadSkiDayViewModel.swift; sourceTree = "<group>"; };
		22F04E32284F56C100A5F03B /* DisciplineStatsRow.swift */ = {isa = PBXFileReference; lastKnownFileType = sourcecode.swift; path = DisciplineStatsRow.swift; sourceTree = "<group>"; };
		22F04E36284F5E6B00A5F03B /* StatsViewModel.swift */ = {isa = PBXFileReference; lastKnownFileType = sourcecode.swift; path = StatsViewModel.swift; sourceTree = "<group>"; };
		22F04E38284F5EC000A5F03B /* DisciplineStats.swift */ = {isa = PBXFileReference; lastKnownFileType = sourcecode.swift; path = DisciplineStats.swift; sourceTree = "<group>"; };
		22F04E3A284F601300A5F03B /* StatsService.swift */ = {isa = PBXFileReference; lastKnownFileType = sourcecode.swift; path = StatsService.swift; sourceTree = "<group>"; };
/* End PBXFileReference section */

/* Begin PBXFrameworksBuildPhase section */
		22848DB1281BDBBD00AF996F /* Frameworks */ = {
			isa = PBXFrameworksBuildPhase;
			buildActionMask = 2147483647;
			files = (
				20063D712902F4910025C906 /* Lottie in Frameworks */,
				22928AF1281FC734000FCEFA /* FirebaseFirestoreSwift-Beta in Frameworks */,
				22928AF3281FC734000FCEFA /* FirebaseStorage in Frameworks */,
				20AD489F290C13D500A1113F /* FirebaseCrashlytics in Frameworks */,
				22928AED281FC734000FCEFA /* FirebaseAuth in Frameworks */,
				22928AEF281FC734000FCEFA /* FirebaseFirestore in Frameworks */,
			);
			runOnlyForDeploymentPostprocessing = 0;
		};
/* End PBXFrameworksBuildPhase section */

/* Begin PBXGroup section */
		20063D722902F58B0025C906 /* Lottie */ = {
			isa = PBXGroup;
			children = (
				20063D8F29045A450025C906 /* Astronaut */,
				20063D8A29043DB90025C906 /* Data */,
				20063D83290438E10025C906 /* Error */,
				20063D7E2902FBDA0025C906 /* Loading */,
				20063D792902FA080025C906 /* Checkmark */,
			);
			path = Lottie;
			sourceTree = "<group>";
		};
		20063D792902FA080025C906 /* Checkmark */ = {
			isa = PBXGroup;
			children = (
				20063D772902F60A0025C906 /* CheckmarkView.swift */,
				2049A4822906798700D5A6E0 /* checkmark.json */,
			);
			path = Checkmark;
			sourceTree = "<group>";
		};
		20063D7E2902FBDA0025C906 /* Loading */ = {
			isa = PBXGroup;
			children = (
				20063D7F2902FBEF0025C906 /* LoadingView.swift */,
				2049A488290679BD00D5A6E0 /* loading.json */,
			);
			path = Loading;
			sourceTree = "<group>";
		};
		20063D83290438E10025C906 /* Error */ = {
			isa = PBXGroup;
			children = (
				20063D84290438ED0025C906 /* ErrorView.swift */,
				2049A486290679AF00D5A6E0 /* error.json */,
			);
			path = Error;
			sourceTree = "<group>";
		};
		20063D8A29043DB90025C906 /* Data */ = {
			isa = PBXGroup;
			children = (
				20063D8B29043DCA0025C906 /* DataView.swift */,
				2049A4842906799F00D5A6E0 /* data.json */,
			);
			path = Data;
			sourceTree = "<group>";
		};
		20063D8F29045A450025C906 /* Astronaut */ = {
			isa = PBXGroup;
			children = (
				20063D9029045A500025C906 /* AstronautView.swift */,
				2049A4802906796300D5A6E0 /* astronaut.json */,
			);
			path = Astronaut;
			sourceTree = "<group>";
		};
		2008EEAE2927F5AA0053BE87 /* Network */ = {
			isa = PBXGroup;
			children = (
				2008EEAC2927F2C30053BE87 /* NetworkService.swift */,
				2008EEAF2927F5C50053BE87 /* NoConnectionView.swift */,
			);
			path = Network;
			sourceTree = "<group>";
		};
		2008EEB12927FD3D0053BE87 /* Navigation */ = {
			isa = PBXGroup;
			children = (
				2008EEB22927FD630053BE87 /* ModalNavigationView.swift */,
			);
			path = Navigation;
			sourceTree = "<group>";
		};
		205004FF28D0CB280006795A /* ErrorMessage */ = {
			isa = PBXGroup;
			children = (
				2050050028D0CB400006795A /* MessageView.swift */,
			);
			path = ErrorMessage;
			sourceTree = "<group>";
		};
		20704BB328D612A70058CDB6 /* SplashScreen */ = {
			isa = PBXGroup;
			children = (
				20704BB428D612F80058CDB6 /* SplashScreen.swift */,
			);
			path = SplashScreen;
			sourceTree = "<group>";
		};
		20755F72287ACE50009E63DB /* SearchBar */ = {
			isa = PBXGroup;
			children = (
				20755F73287ACE60009E63DB /* SearchBar.swift */,
			);
			path = SearchBar;
			sourceTree = "<group>";
		};
		20AD4898290BF37700A1113F /* Sheets */ = {
			isa = PBXGroup;
			children = (
				20AD4899290BF38500A1113F /* DeleteAccountSheetView.swift */,
			);
			path = Sheets;
			sourceTree = "<group>";
		};
		20AD489D290C13D500A1113F /* Frameworks */ = {
			isa = PBXGroup;
			children = (
			);
			name = Frameworks;
			sourceTree = "<group>";
		};
		20B2906828CBA946006E6635 /* Settings */ = {
			isa = PBXGroup;
			children = (
				20B2906928CBA96E006E6635 /* SettingsRow.swift */,
				20B2906B28CBAECE006E6635 /* ThemeSettingsRow.swift */,
			);
			path = Settings;
			sourceTree = "<group>";
		};
		225A1EF7282018D300C2C81E /* View */ = {
			isa = PBXGroup;
			children = (
				22848DE2281BF6FB00AF996F /* TrainingsListView.swift */,
			);
			path = View;
			sourceTree = "<group>";
		};
		225A1EF8282018D800C2C81E /* ViewModel */ = {
			isa = PBXGroup;
			children = (
				225A1EF9282018F300C2C81E /* TrainingListViewModel.swift */,
			);
			path = ViewModel;
			sourceTree = "<group>";
		};
		225A1EFB28201B3300C2C81E /* Model */ = {
			isa = PBXGroup;
			children = (
				225A1EFC28201B4300C2C81E /* SkiDay.swift */,
				22775C9A2823CD2800849BE3 /* User.swift */,
				22F04E38284F5EC000A5F03B /* DisciplineStats.swift */,
				20F7373528EC490F001CF521 /* MainStats.swift */,
			);
			path = Model;
			sourceTree = "<group>";
		};
		225A1EFE2820FB3900C2C81E /* View */ = {
			isa = PBXGroup;
			children = (
				22848DDD281BEF1C00AF996F /* TrainingDetailsView.swift */,
			);
			path = View;
			sourceTree = "<group>";
		};
		225A1EFF2820FB3E00C2C81E /* ViewModel */ = {
			isa = PBXGroup;
			children = (
				225A1F002820FB4E00C2C81E /* TrainingDetailsViewModel.swift */,
			);
			path = ViewModel;
			sourceTree = "<group>";
		};
		225A1F0828214DD700C2C81E /* ViewModel */ = {
			isa = PBXGroup;
			children = (
				225A1F0628214C1B00C2C81E /* HomeViewModel.swift */,
			);
			path = ViewModel;
			sourceTree = "<group>";
		};
		225A1F0928214DE200C2C81E /* View */ = {
			isa = PBXGroup;
			children = (
				22848DD7281BEA4A00AF996F /* HomeView.swift */,
			);
			path = View;
			sourceTree = "<group>";
		};
		225A1F0A2821553900C2C81E /* FilteredDays */ = {
			isa = PBXGroup;
			children = (
				225A1F0B2821555F00C2C81E /* ViewModel */,
				225A1F0C2821556800C2C81E /* View */,
			);
			path = FilteredDays;
			sourceTree = "<group>";
		};
		225A1F0B2821555F00C2C81E /* ViewModel */ = {
			isa = PBXGroup;
			children = (
				225A1F11282158C700C2C81E /* FilteredDaysViewModel.swift */,
			);
			path = ViewModel;
			sourceTree = "<group>";
		};
		225A1F0C2821556800C2C81E /* View */ = {
			isa = PBXGroup;
			children = (
				225A1F0E2821559100C2C81E /* FilteredDaysView.swift */,
			);
			path = View;
			sourceTree = "<group>";
		};
		225A1F1328228CD000C2C81E /* Settings */ = {
			isa = PBXGroup;
			children = (
				225A1F1528228CE600C2C81E /* View Model */,
				225A1F1428228CE200C2C81E /* View */,
			);
			path = Settings;
			sourceTree = "<group>";
		};
		225A1F1428228CE200C2C81E /* View */ = {
			isa = PBXGroup;
			children = (
				225A1F1628228CFE00C2C81E /* SettingsView.swift */,
			);
			path = View;
			sourceTree = "<group>";
		};
		225A1F1528228CE600C2C81E /* View Model */ = {
			isa = PBXGroup;
			children = (
				225A1F182822903600C2C81E /* SettingsViewModel.swift */,
			);
			path = "View Model";
			sourceTree = "<group>";
		};
		22848DAB281BDBBD00AF996F = {
			isa = PBXGroup;
			children = (
				22848DB6281BDBBD00AF996F /* SkiDays */,
				22848DB5281BDBBD00AF996F /* Products */,
				20AD489D290C13D500A1113F /* Frameworks */,
			);
			sourceTree = "<group>";
		};
		22848DB5281BDBBD00AF996F /* Products */ = {
			isa = PBXGroup;
			children = (
				22848DB4281BDBBD00AF996F /* SkiDays.app */,
			);
			name = Products;
			sourceTree = "<group>";
		};
		22848DB6281BDBBD00AF996F /* SkiDays */ = {
			isa = PBXGroup;
			children = (
				22848DC5281BDCC100AF996F /* Core */,
				22848DD4281BE0D700AF996F /* Extentions.swift */,
				22848DB7281BDBBD00AF996F /* SkiDaysApp.swift */,
				22848DB9281BDBBD00AF996F /* ContentView.swift */,
				2049A48A2906897900D5A6E0 /* GoogleService-Info.plist */,
				201D56C228DDA36200CB5025 /* Assets.xcassets */,
				22848DBD281BDBC800AF996F /* Preview Content */,
			);
			path = SkiDays;
			sourceTree = "<group>";
		};
		22848DBD281BDBC800AF996F /* Preview Content */ = {
			isa = PBXGroup;
			children = (
				22848DBE281BDBC800AF996F /* Preview Assets.xcassets */,
			);
			path = "Preview Content";
			sourceTree = "<group>";
		};
		22848DC5281BDCC100AF996F /* Core */ = {
			isa = PBXGroup;
			children = (
				20063D722902F58B0025C906 /* Lottie */,
				225A1EFB28201B3300C2C81E /* Model */,
				22848DC6281BDCC700AF996F /* Components */,
				22C7A05F281FF398003A9936 /* Service */,
				225A1F1328228CD000C2C81E /* Settings */,
				22928AD9281C0B0C000FCEFA /* Stats */,
				22848DE7281C015B00AF996F /* MainTab */,
				22848DD6281BEA2000AF996F /* Home */,
				225A1F0A2821553900C2C81E /* FilteredDays */,
				22848DE1281BF6DA00AF996F /* TrainingsList */,
				22928AD6281C0855000FCEFA /* AddTraining */,
				22848DDC281BEEFE00AF996F /* TrainingDetails */,
				22848DC7281BDCDB00AF996F /* Authentication */,
				20704BB328D612A70058CDB6 /* SplashScreen */,
				2008EEAE2927F5AA0053BE87 /* Network */,
			);
			path = Core;
			sourceTree = "<group>";
		};
		22848DC6281BDCC700AF996F /* Components */ = {
			isa = PBXGroup;
			children = (
				2008EEB12927FD3D0053BE87 /* Navigation */,
				20AD4898290BF37700A1113F /* Sheets */,
				205004FF28D0CB280006795A /* ErrorMessage */,
				20B2906828CBA946006E6635 /* Settings */,
				20755F72287ACE50009E63DB /* SearchBar */,
				22F04E31284F56AD00A5F03B /* Stats */,
				229D3AB7284E1C5600B52B9D /* Shapes */,
				22928AE6281D3027000FCEFA /* TextFields */,
				22848DE4281BF75A00AF996F /* RowViews */,
				22848DD9281BEAA900AF996F /* Buttons */,
				229D3AB8284E207E00B52B9D /* VideoPicker */,
			);
			path = Components;
			sourceTree = "<group>";
		};
		22848DC7281BDCDB00AF996F /* Authentication */ = {
			isa = PBXGroup;
			children = (
				22848DC8281BDCE600AF996F /* ViewModel */,
				22848DC9281BDCED00AF996F /* Views */,
			);
			path = Authentication;
			sourceTree = "<group>";
		};
		22848DC8281BDCE600AF996F /* ViewModel */ = {
			isa = PBXGroup;
			children = (
				22928AF4281FCD16000FCEFA /* AuthViewModel.swift */,
				20AD489B290BFA4900A1113F /* AuthenticationHelpViewModel.swift */,
			);
			path = ViewModel;
			sourceTree = "<group>";
		};
		22848DC9281BDCED00AF996F /* Views */ = {
			isa = PBXGroup;
			children = (
				22848DCA281BDD0600AF996F /* LoginView.swift */,
				22848DCC281BDD1400AF996F /* RegistrationView.swift */,
				20AD4896290BEB0900A1113F /* AuthenticationHelpView.swift */,
			);
			path = Views;
			sourceTree = "<group>";
		};
		22848DD6281BEA2000AF996F /* Home */ = {
			isa = PBXGroup;
			children = (
				225A1F0828214DD700C2C81E /* ViewModel */,
				225A1F0928214DE200C2C81E /* View */,
			);
			path = Home;
			sourceTree = "<group>";
		};
		22848DD9281BEAA900AF996F /* Buttons */ = {
			isa = PBXGroup;
			children = (
				22848DDA281BEAC700AF996F /* DisciplineButtonView.swift */,
				22928AE0281D2291000FCEFA /* PickDisciplineButton.swift */,
			);
			path = Buttons;
			sourceTree = "<group>";
		};
		22848DDC281BEEFE00AF996F /* TrainingDetails */ = {
			isa = PBXGroup;
			children = (
				225A1EFF2820FB3E00C2C81E /* ViewModel */,
				225A1EFE2820FB3900C2C81E /* View */,
			);
			path = TrainingDetails;
			sourceTree = "<group>";
		};
		22848DE1281BF6DA00AF996F /* TrainingsList */ = {
			isa = PBXGroup;
			children = (
				225A1EF8282018D800C2C81E /* ViewModel */,
				225A1EF7282018D300C2C81E /* View */,
			);
			path = TrainingsList;
			sourceTree = "<group>";
		};
		22848DE4281BF75A00AF996F /* RowViews */ = {
			isa = PBXGroup;
			children = (
				22848DE5281BF76A00AF996F /* TrainingRowView.swift */,
				22848DDF281BEF5900AF996F /* DetailRowView.swift */,
			);
			path = RowViews;
			sourceTree = "<group>";
		};
		22848DE7281C015B00AF996F /* MainTab */ = {
			isa = PBXGroup;
			children = (
				22848DE8281C016700AF996F /* MainTabView.swift */,
			);
			path = MainTab;
			sourceTree = "<group>";
		};
		22928AD6281C0855000FCEFA /* AddTraining */ = {
			isa = PBXGroup;
			children = (
				22928ADD281D1EC3000FCEFA /* ViewModels */,
				22928ADC281D1EBA000FCEFA /* View */,
			);
			path = AddTraining;
			sourceTree = "<group>";
		};
		22928AD9281C0B0C000FCEFA /* Stats */ = {
			isa = PBXGroup;
			children = (
				22F04E35284F5E5800A5F03B /* ViewModel */,
				22F04E34284F5E5300A5F03B /* View */,
			);
			path = Stats;
			sourceTree = "<group>";
		};
		22928ADC281D1EBA000FCEFA /* View */ = {
			isa = PBXGroup;
			children = (
				22928AD7281C086B000FCEFA /* AddTrainingView.swift */,
			);
			path = View;
			sourceTree = "<group>";
		};
		22928ADD281D1EC3000FCEFA /* ViewModels */ = {
			isa = PBXGroup;
			children = (
				22928ADE281D1EE7000FCEFA /* DisciplineButtonViewModel.swift */,
				22C7A062281FF67A003A9936 /* UploadSkiDayViewModel.swift */,
			);
			path = ViewModels;
			sourceTree = "<group>";
		};
		22928AE6281D3027000FCEFA /* TextFields */ = {
			isa = PBXGroup;
			children = (
				22848DCE281BDF5E00AF996F /* CustomInputField.swift */,
				20075CF328784EA7004743B1 /* SecureTextField.swift */,
			);
			path = TextFields;
			sourceTree = "<group>";
		};
		229D3AB7284E1C5600B52B9D /* Shapes */ = {
			isa = PBXGroup;
			children = (
				22848DD2281BDF9600AF996F /* RoundedShape.swift */,
				22848DD0281BDF7100AF996F /* AuthenticationHeader.swift */,
			);
			path = Shapes;
			sourceTree = "<group>";
		};
		229D3AB8284E207E00B52B9D /* VideoPicker */ = {
			isa = PBXGroup;
			children = (
				2297F093284CA5AC00ACDBDF /* VideoPicker.swift */,
			);
			path = VideoPicker;
			sourceTree = "<group>";
		};
		22C7A05F281FF398003A9936 /* Service */ = {
			isa = PBXGroup;
			children = (
				22C7A060281FF3C1003A9936 /* SkiDayService.swift */,
				22775C9C2823D1BC00849BE3 /* UserService.swift */,
				22F04E3A284F601300A5F03B /* StatsService.swift */,
				2072277028FC0F3A00703811 /* FeedbackService.swift */,
			);
			path = Service;
			sourceTree = "<group>";
		};
		22F04E31284F56AD00A5F03B /* Stats */ = {
			isa = PBXGroup;
			children = (
				22F04E32284F56C100A5F03B /* DisciplineStatsRow.swift */,
				208A82D028E0A9B4006173EF /* AllStatsView.swift */,
				204B031328E59AF900C845DA /* CircularProgressView.swift */,
			);
			path = Stats;
			sourceTree = "<group>";
		};
		22F04E34284F5E5300A5F03B /* View */ = {
			isa = PBXGroup;
			children = (
				22928ADA281C0B1D000FCEFA /* StatsView.swift */,
			);
			path = View;
			sourceTree = "<group>";
		};
		22F04E35284F5E5800A5F03B /* ViewModel */ = {
			isa = PBXGroup;
			children = (
				22F04E36284F5E6B00A5F03B /* StatsViewModel.swift */,
				201D56C428DDDB8000CB5025 /* StatsDisciplineFilter.swift */,
			);
			path = ViewModel;
			sourceTree = "<group>";
		};
/* End PBXGroup section */

/* Begin PBXNativeTarget section */
		22848DB3281BDBBD00AF996F /* SkiDays */ = {
			isa = PBXNativeTarget;
			buildConfigurationList = 22848DC2281BDBC800AF996F /* Build configuration list for PBXNativeTarget "SkiDays" */;
			buildPhases = (
				22848DB0281BDBBD00AF996F /* Sources */,
				2072276E28F9920100703811 /* Run SwiftLint */,
				22848DB1281BDBBD00AF996F /* Frameworks */,
				22848DB2281BDBBD00AF996F /* Resources */,
				20AD48A0290C144900A1113F /* ShellScript */,
			);
			buildRules = (
			);
			dependencies = (
			);
			name = SkiDays;
			packageProductDependencies = (
				22928AEC281FC734000FCEFA /* FirebaseAuth */,
				22928AEE281FC734000FCEFA /* FirebaseFirestore */,
				22928AF0281FC734000FCEFA /* FirebaseFirestoreSwift-Beta */,
				22928AF2281FC734000FCEFA /* FirebaseStorage */,
				20063D702902F4910025C906 /* Lottie */,
				20AD489E290C13D500A1113F /* FirebaseCrashlytics */,
			);
			productName = SkiDays;
			productReference = 22848DB4281BDBBD00AF996F /* SkiDays.app */;
			productType = "com.apple.product-type.application";
		};
/* End PBXNativeTarget section */

/* Begin PBXProject section */
		22848DAC281BDBBD00AF996F /* Project object */ = {
			isa = PBXProject;
			attributes = {
				BuildIndependentTargetsInParallel = 1;
				LastSwiftUpdateCheck = 1300;
				LastUpgradeCheck = 1400;
				TargetAttributes = {
					22848DB3281BDBBD00AF996F = {
						CreatedOnToolsVersion = 13.0;
					};
				};
			};
			buildConfigurationList = 22848DAF281BDBBD00AF996F /* Build configuration list for PBXProject "SkiDays" */;
			compatibilityVersion = "Xcode 13.0";
			developmentRegion = en;
			hasScannedForEncodings = 0;
			knownRegions = (
				en,
				Base,
			);
			mainGroup = 22848DAB281BDBBD00AF996F;
			packageReferences = (
				22928AEB281FC734000FCEFA /* XCRemoteSwiftPackageReference "firebase-ios-sdk" */,
				20063D6F2902F4900025C906 /* XCRemoteSwiftPackageReference "lottie-ios" */,
			);
			productRefGroup = 22848DB5281BDBBD00AF996F /* Products */;
			projectDirPath = "";
			projectRoot = "";
			targets = (
				22848DB3281BDBBD00AF996F /* SkiDays */,
			);
		};
/* End PBXProject section */

/* Begin PBXResourcesBuildPhase section */
		22848DB2281BDBBD00AF996F /* Resources */ = {
			isa = PBXResourcesBuildPhase;
			buildActionMask = 2147483647;
			files = (
				22848DBF281BDBC800AF996F /* Preview Assets.xcassets in Resources */,
				2049A48B2906897900D5A6E0 /* GoogleService-Info.plist in Resources */,
				2049A487290679B000D5A6E0 /* error.json in Resources */,
				2049A489290679BD00D5A6E0 /* loading.json in Resources */,
				2049A4852906799F00D5A6E0 /* data.json in Resources */,
				2049A4832906798700D5A6E0 /* checkmark.json in Resources */,
				201D56C328DDA36200CB5025 /* Assets.xcassets in Resources */,
				2049A4812906796300D5A6E0 /* astronaut.json in Resources */,
			);
			runOnlyForDeploymentPostprocessing = 0;
		};
/* End PBXResourcesBuildPhase section */

/* Begin PBXShellScriptBuildPhase section */
		2072276E28F9920100703811 /* Run SwiftLint */ = {
			isa = PBXShellScriptBuildPhase;
			buildActionMask = 12;
			files = (
			);
			inputFileListPaths = (
			);
			inputPaths = (
			);
			name = "Run SwiftLint";
			outputFileListPaths = (
			);
			outputPaths = (
			);
			runOnlyForDeploymentPostprocessing = 0;
			shellPath = /bin/sh;
			shellScript = "if test -d \"/opt/homebrew/bin/\"; then\n  PATH=\"/opt/homebrew/bin/:${PATH}\"\nfi\nexport PATH\n\nif [ -z \"$CI\" ]; then\n    if which swiftlint >/dev/null; then\n        swiftlint autocorrect & swiftlint\n    else\n        echo \"error: SwiftLint not installed, download from https://github.com/realm/SwiftLint\"\n    fi\nfi\n";
		};
		20AD48A0290C144900A1113F /* ShellScript */ = {
			isa = PBXShellScriptBuildPhase;
			buildActionMask = 2147483647;
			files = (
			);
			inputFileListPaths = (
			);
			inputPaths = (
				"${DWARF_DSYM_FOLDER_PATH}/${DWARF_DSYM_FILE_NAME}/Contents/Resources/DWARF/${TARGET_NAME}",
				"$(SRCROOT)/$(BUILT_PRODUCTS_DIR)/$(INFOPLIST_PATH)",
			);
			outputFileListPaths = (
			);
			outputPaths = (
			);
			runOnlyForDeploymentPostprocessing = 0;
			shellPath = /bin/sh;
			shellScript = "\"${BUILD_DIR%/Build/*}/SourcePackages/checkouts/firebase-ios-sdk/Crashlytics/run\"\n";
		};
/* End PBXShellScriptBuildPhase section */

/* Begin PBXSourcesBuildPhase section */
		22848DB0281BDBBD00AF996F /* Sources */ = {
			isa = PBXSourcesBuildPhase;
			buildActionMask = 2147483647;
			files = (
				22928AD8281C086B000FCEFA /* AddTrainingView.swift in Sources */,
				225A1F12282158C700C2C81E /* FilteredDaysViewModel.swift in Sources */,
				2008EEB32927FD630053BE87 /* ModalNavigationView.swift in Sources */,
				22848DDB281BEAC700AF996F /* DisciplineButtonView.swift in Sources */,
				20AD489C290BFA4900A1113F /* AuthenticationHelpViewModel.swift in Sources */,
				225A1EFA282018F300C2C81E /* TrainingListViewModel.swift in Sources */,
				20063D85290438ED0025C906 /* ErrorView.swift in Sources */,
				22775C9B2823CD2800849BE3 /* User.swift in Sources */,
				22848DD8281BEA4A00AF996F /* HomeView.swift in Sources */,
				22848DDE281BEF1C00AF996F /* TrainingDetailsView.swift in Sources */,
				2297F094284CA5AD00ACDBDF /* VideoPicker.swift in Sources */,
				225A1EFD28201B4300C2C81E /* SkiDay.swift in Sources */,
				22C7A061281FF3C1003A9936 /* SkiDayService.swift in Sources */,
				20B2906C28CBAECE006E6635 /* ThemeSettingsRow.swift in Sources */,
				225A1F0F2821559100C2C81E /* FilteredDaysView.swift in Sources */,
				22848DE6281BF76A00AF996F /* TrainingRowView.swift in Sources */,
				22848DD3281BDF9600AF996F /* RoundedShape.swift in Sources */,
				225A1F0728214C1C00C2C81E /* HomeViewModel.swift in Sources */,
				225A1F012820FB4E00C2C81E /* TrainingDetailsViewModel.swift in Sources */,
				22F04E39284F5EC000A5F03B /* DisciplineStats.swift in Sources */,
				22848DE3281BF6FB00AF996F /* TrainingsListView.swift in Sources */,
				225A1F1728228CFF00C2C81E /* SettingsView.swift in Sources */,
				201D56C528DDDB8000CB5025 /* StatsDisciplineFilter.swift in Sources */,
				22775C9D2823D1BC00849BE3 /* UserService.swift in Sources */,
				22928AE1281D2291000FCEFA /* PickDisciplineButton.swift in Sources */,
				22848DCF281BDF5E00AF996F /* CustomInputField.swift in Sources */,
				22F04E37284F5E6B00A5F03B /* StatsViewModel.swift in Sources */,
				2008EEB02927F5C50053BE87 /* NoConnectionView.swift in Sources */,
				225A1F192822903700C2C81E /* SettingsViewModel.swift in Sources */,
				20704BB528D612F80058CDB6 /* SplashScreen.swift in Sources */,
				22848DCB281BDD0600AF996F /* LoginView.swift in Sources */,
				2050050128D0CB400006795A /* MessageView.swift in Sources */,
				22C7A063281FF67A003A9936 /* UploadSkiDayViewModel.swift in Sources */,
				22848DBA281BDBBD00AF996F /* ContentView.swift in Sources */,
				20755F74287ACE60009E63DB /* SearchBar.swift in Sources */,
				22928ADF281D1EE7000FCEFA /* DisciplineButtonViewModel.swift in Sources */,
				2008EEAD2927F2C30053BE87 /* NetworkService.swift in Sources */,
				22F04E3B284F601300A5F03B /* StatsService.swift in Sources */,
				20063D8C29043DCA0025C906 /* DataView.swift in Sources */,
				22848DD5281BE0D700AF996F /* Extentions.swift in Sources */,
				20AD489A290BF38500A1113F /* DeleteAccountSheetView.swift in Sources */,
				22848DE0281BEF5900AF996F /* DetailRowView.swift in Sources */,
				20063D782902F60A0025C906 /* CheckmarkView.swift in Sources */,
				22928ADB281C0B1D000FCEFA /* StatsView.swift in Sources */,
				204B031428E59AFA00C845DA /* CircularProgressView.swift in Sources */,
				22F04E33284F56C100A5F03B /* DisciplineStatsRow.swift in Sources */,
				2072277128FC0F3A00703811 /* FeedbackService.swift in Sources */,
				20063D9129045A500025C906 /* AstronautView.swift in Sources */,
				22848DB8281BDBBD00AF996F /* SkiDaysApp.swift in Sources */,
				22928AF5281FCD17000FCEFA /* AuthViewModel.swift in Sources */,
				20075CF428784EA7004743B1 /* SecureTextField.swift in Sources */,
				20063D802902FBEF0025C906 /* LoadingView.swift in Sources */,
				22848DD1281BDF7100AF996F /* AuthenticationHeader.swift in Sources */,
				20B2906A28CBA96E006E6635 /* SettingsRow.swift in Sources */,
				208A82D128E0A9B4006173EF /* AllStatsView.swift in Sources */,
				22848DCD281BDD1400AF996F /* RegistrationView.swift in Sources */,
				20AD4897290BEB0900A1113F /* AuthenticationHelpView.swift in Sources */,
				20F7373628EC490F001CF521 /* MainStats.swift in Sources */,
				22848DE9281C016700AF996F /* MainTabView.swift in Sources */,
			);
			runOnlyForDeploymentPostprocessing = 0;
		};
/* End PBXSourcesBuildPhase section */

/* Begin XCBuildConfiguration section */
		22848DC0281BDBC800AF996F /* Debug */ = {
			isa = XCBuildConfiguration;
			buildSettings = {
				ALWAYS_SEARCH_USER_PATHS = NO;
				CLANG_ANALYZER_NONNULL = YES;
				CLANG_ANALYZER_NUMBER_OBJECT_CONVERSION = YES_AGGRESSIVE;
				CLANG_CXX_LANGUAGE_STANDARD = "gnu++17";
				CLANG_CXX_LIBRARY = "libc++";
				CLANG_ENABLE_MODULES = YES;
				CLANG_ENABLE_OBJC_ARC = YES;
				CLANG_ENABLE_OBJC_WEAK = YES;
				CLANG_WARN_BLOCK_CAPTURE_AUTORELEASING = YES;
				CLANG_WARN_BOOL_CONVERSION = YES;
				CLANG_WARN_COMMA = YES;
				CLANG_WARN_CONSTANT_CONVERSION = YES;
				CLANG_WARN_DEPRECATED_OBJC_IMPLEMENTATIONS = YES;
				CLANG_WARN_DIRECT_OBJC_ISA_USAGE = YES_ERROR;
				CLANG_WARN_DOCUMENTATION_COMMENTS = YES;
				CLANG_WARN_EMPTY_BODY = YES;
				CLANG_WARN_ENUM_CONVERSION = YES;
				CLANG_WARN_INFINITE_RECURSION = YES;
				CLANG_WARN_INT_CONVERSION = YES;
				CLANG_WARN_NON_LITERAL_NULL_CONVERSION = YES;
				CLANG_WARN_OBJC_IMPLICIT_RETAIN_SELF = YES;
				CLANG_WARN_OBJC_LITERAL_CONVERSION = YES;
				CLANG_WARN_OBJC_ROOT_CLASS = YES_ERROR;
				CLANG_WARN_QUOTED_INCLUDE_IN_FRAMEWORK_HEADER = YES;
				CLANG_WARN_RANGE_LOOP_ANALYSIS = YES;
				CLANG_WARN_STRICT_PROTOTYPES = YES;
				CLANG_WARN_SUSPICIOUS_MOVE = YES;
				CLANG_WARN_UNGUARDED_AVAILABILITY = YES_AGGRESSIVE;
				CLANG_WARN_UNREACHABLE_CODE = YES;
				CLANG_WARN__DUPLICATE_METHOD_MATCH = YES;
				COPY_PHASE_STRIP = NO;
				DEBUG_INFORMATION_FORMAT = "dwarf-with-dsym";
				ENABLE_STRICT_OBJC_MSGSEND = YES;
				ENABLE_TESTABILITY = YES;
				GCC_C_LANGUAGE_STANDARD = gnu11;
				GCC_DYNAMIC_NO_PIC = NO;
				GCC_NO_COMMON_BLOCKS = YES;
				GCC_OPTIMIZATION_LEVEL = 0;
				GCC_PREPROCESSOR_DEFINITIONS = (
					"DEBUG=1",
					"$(inherited)",
				);
				GCC_WARN_64_TO_32_BIT_CONVERSION = YES;
				GCC_WARN_ABOUT_RETURN_TYPE = YES_ERROR;
				GCC_WARN_UNDECLARED_SELECTOR = YES;
				GCC_WARN_UNINITIALIZED_AUTOS = YES_AGGRESSIVE;
				GCC_WARN_UNUSED_FUNCTION = YES;
				GCC_WARN_UNUSED_VARIABLE = YES;
				IPHONEOS_DEPLOYMENT_TARGET = 15.0;
				MTL_ENABLE_DEBUG_INFO = INCLUDE_SOURCE;
				MTL_FAST_MATH = YES;
				ONLY_ACTIVE_ARCH = YES;
				SDKROOT = iphoneos;
				SWIFT_ACTIVE_COMPILATION_CONDITIONS = DEBUG;
				SWIFT_OPTIMIZATION_LEVEL = "-Onone";
			};
			name = Debug;
		};
		22848DC1281BDBC800AF996F /* Release */ = {
			isa = XCBuildConfiguration;
			buildSettings = {
				ALWAYS_SEARCH_USER_PATHS = NO;
				CLANG_ANALYZER_NONNULL = YES;
				CLANG_ANALYZER_NUMBER_OBJECT_CONVERSION = YES_AGGRESSIVE;
				CLANG_CXX_LANGUAGE_STANDARD = "gnu++17";
				CLANG_CXX_LIBRARY = "libc++";
				CLANG_ENABLE_MODULES = YES;
				CLANG_ENABLE_OBJC_ARC = YES;
				CLANG_ENABLE_OBJC_WEAK = YES;
				CLANG_WARN_BLOCK_CAPTURE_AUTORELEASING = YES;
				CLANG_WARN_BOOL_CONVERSION = YES;
				CLANG_WARN_COMMA = YES;
				CLANG_WARN_CONSTANT_CONVERSION = YES;
				CLANG_WARN_DEPRECATED_OBJC_IMPLEMENTATIONS = YES;
				CLANG_WARN_DIRECT_OBJC_ISA_USAGE = YES_ERROR;
				CLANG_WARN_DOCUMENTATION_COMMENTS = YES;
				CLANG_WARN_EMPTY_BODY = YES;
				CLANG_WARN_ENUM_CONVERSION = YES;
				CLANG_WARN_INFINITE_RECURSION = YES;
				CLANG_WARN_INT_CONVERSION = YES;
				CLANG_WARN_NON_LITERAL_NULL_CONVERSION = YES;
				CLANG_WARN_OBJC_IMPLICIT_RETAIN_SELF = YES;
				CLANG_WARN_OBJC_LITERAL_CONVERSION = YES;
				CLANG_WARN_OBJC_ROOT_CLASS = YES_ERROR;
				CLANG_WARN_QUOTED_INCLUDE_IN_FRAMEWORK_HEADER = YES;
				CLANG_WARN_RANGE_LOOP_ANALYSIS = YES;
				CLANG_WARN_STRICT_PROTOTYPES = YES;
				CLANG_WARN_SUSPICIOUS_MOVE = YES;
				CLANG_WARN_UNGUARDED_AVAILABILITY = YES_AGGRESSIVE;
				CLANG_WARN_UNREACHABLE_CODE = YES;
				CLANG_WARN__DUPLICATE_METHOD_MATCH = YES;
				COPY_PHASE_STRIP = NO;
				DEBUG_INFORMATION_FORMAT = "dwarf-with-dsym";
				ENABLE_NS_ASSERTIONS = NO;
				ENABLE_STRICT_OBJC_MSGSEND = YES;
				GCC_C_LANGUAGE_STANDARD = gnu11;
				GCC_NO_COMMON_BLOCKS = YES;
				GCC_WARN_64_TO_32_BIT_CONVERSION = YES;
				GCC_WARN_ABOUT_RETURN_TYPE = YES_ERROR;
				GCC_WARN_UNDECLARED_SELECTOR = YES;
				GCC_WARN_UNINITIALIZED_AUTOS = YES_AGGRESSIVE;
				GCC_WARN_UNUSED_FUNCTION = YES;
				GCC_WARN_UNUSED_VARIABLE = YES;
				IPHONEOS_DEPLOYMENT_TARGET = 15.0;
				MTL_ENABLE_DEBUG_INFO = NO;
				MTL_FAST_MATH = YES;
				SDKROOT = iphoneos;
				SWIFT_COMPILATION_MODE = wholemodule;
				SWIFT_OPTIMIZATION_LEVEL = "-O";
				VALIDATE_PRODUCT = YES;
			};
			name = Release;
		};
		22848DC3281BDBC800AF996F /* Debug */ = {
			isa = XCBuildConfiguration;
			buildSettings = {
				ASSETCATALOG_COMPILER_APPICON_NAME = AppIcon;
				ASSETCATALOG_COMPILER_GLOBAL_ACCENT_COLOR_NAME = AccentColor;
				CODE_SIGN_STYLE = Automatic;
				CURRENT_PROJECT_VERSION = 201122;
				DEAD_CODE_STRIPPING = YES;
				DEVELOPMENT_ASSET_PATHS = "\"SkiDays/Preview Content\"";
				DEVELOPMENT_TEAM = 3P5872A6DS;
				ENABLE_PREVIEWS = YES;
				GENERATE_INFOPLIST_FILE = YES;
				INFOPLIST_KEY_NSPhotoLibraryUsageDescription = "";
				INFOPLIST_KEY_UIApplicationSceneManifest_Generation = YES;
				INFOPLIST_KEY_UIApplicationSupportsIndirectInputEvents = YES;
				INFOPLIST_KEY_UILaunchScreen_Generation = YES;
				INFOPLIST_KEY_UISupportedInterfaceOrientations = UIInterfaceOrientationPortrait;
				INFOPLIST_KEY_UISupportedInterfaceOrientations_iPad = UIInterfaceOrientationPortrait;
				INFOPLIST_KEY_UISupportedInterfaceOrientations_iPhone = UIInterfaceOrientationPortrait;
				IPHONEOS_DEPLOYMENT_TARGET = 16.0;
				LD_RUNPATH_SEARCH_PATHS = (
					"$(inherited)",
					"@executable_path/Frameworks",
				);
				MARKETING_VERSION = 1.0.4;
				PRODUCT_BUNDLE_IDENTIFIER = "com.michal-michalik.SkiDays";
				PRODUCT_NAME = "$(TARGET_NAME)";
				SUPPORTED_PLATFORMS = "iphoneos iphonesimulator";
				SUPPORTS_MACCATALYST = NO;
				SUPPORTS_MAC_DESIGNED_FOR_IPHONE_IPAD = NO;
				SWIFT_EMIT_LOC_STRINGS = YES;
				SWIFT_VERSION = 5.0;
				TARGETED_DEVICE_FAMILY = 1;
			};
			name = Debug;
		};
		22848DC4281BDBC800AF996F /* Release */ = {
			isa = XCBuildConfiguration;
			buildSettings = {
				ASSETCATALOG_COMPILER_APPICON_NAME = AppIcon;
				ASSETCATALOG_COMPILER_GLOBAL_ACCENT_COLOR_NAME = AccentColor;
				CODE_SIGN_STYLE = Automatic;
				CURRENT_PROJECT_VERSION = 201122;
				DEAD_CODE_STRIPPING = YES;
				DEVELOPMENT_ASSET_PATHS = "\"SkiDays/Preview Content\"";
				DEVELOPMENT_TEAM = 3P5872A6DS;
				ENABLE_PREVIEWS = YES;
				GENERATE_INFOPLIST_FILE = YES;
				INFOPLIST_KEY_NSPhotoLibraryUsageDescription = "";
				INFOPLIST_KEY_UIApplicationSceneManifest_Generation = YES;
				INFOPLIST_KEY_UIApplicationSupportsIndirectInputEvents = YES;
				INFOPLIST_KEY_UILaunchScreen_Generation = YES;
				INFOPLIST_KEY_UISupportedInterfaceOrientations = UIInterfaceOrientationPortrait;
				INFOPLIST_KEY_UISupportedInterfaceOrientations_iPad = UIInterfaceOrientationPortrait;
				INFOPLIST_KEY_UISupportedInterfaceOrientations_iPhone = UIInterfaceOrientationPortrait;
				IPHONEOS_DEPLOYMENT_TARGET = 16.0;
				LD_RUNPATH_SEARCH_PATHS = (
					"$(inherited)",
					"@executable_path/Frameworks",
				);
				MARKETING_VERSION = 1.0.4;
				PRODUCT_BUNDLE_IDENTIFIER = "com.michal-michalik.SkiDays";
				PRODUCT_NAME = "$(TARGET_NAME)";
				SUPPORTED_PLATFORMS = "iphoneos iphonesimulator";
				SUPPORTS_MACCATALYST = NO;
				SUPPORTS_MAC_DESIGNED_FOR_IPHONE_IPAD = NO;
				SWIFT_EMIT_LOC_STRINGS = YES;
				SWIFT_VERSION = 5.0;
				TARGETED_DEVICE_FAMILY = 1;
			};
			name = Release;
		};
/* End XCBuildConfiguration section */

/* Begin XCConfigurationList section */
		22848DAF281BDBBD00AF996F /* Build configuration list for PBXProject "SkiDays" */ = {
			isa = XCConfigurationList;
			buildConfigurations = (
				22848DC0281BDBC800AF996F /* Debug */,
				22848DC1281BDBC800AF996F /* Release */,
			);
			defaultConfigurationIsVisible = 0;
			defaultConfigurationName = Release;
		};
		22848DC2281BDBC800AF996F /* Build configuration list for PBXNativeTarget "SkiDays" */ = {
			isa = XCConfigurationList;
			buildConfigurations = (
				22848DC3281BDBC800AF996F /* Debug */,
				22848DC4281BDBC800AF996F /* Release */,
			);
			defaultConfigurationIsVisible = 0;
			defaultConfigurationName = Release;
		};
/* End XCConfigurationList section */

/* Begin XCRemoteSwiftPackageReference section */
		20063D6F2902F4900025C906 /* XCRemoteSwiftPackageReference "lottie-ios" */ = {
			isa = XCRemoteSwiftPackageReference;
			repositoryURL = "https://github.com/airbnb/lottie-ios.git";
			requirement = {
				branch = master;
				kind = branch;
			};
		};
		22928AEB281FC734000FCEFA /* XCRemoteSwiftPackageReference "firebase-ios-sdk" */ = {
			isa = XCRemoteSwiftPackageReference;
			repositoryURL = "https://github.com/firebase/firebase-ios-sdk";
			requirement = {
				kind = upToNextMajorVersion;
				minimumVersion = 8.0.0;
			};
		};
/* End XCRemoteSwiftPackageReference section */

/* Begin XCSwiftPackageProductDependency section */
		20063D702902F4910025C906 /* Lottie */ = {
			isa = XCSwiftPackageProductDependency;
			package = 20063D6F2902F4900025C906 /* XCRemoteSwiftPackageReference "lottie-ios" */;
			productName = Lottie;
		};
		20AD489E290C13D500A1113F /* FirebaseCrashlytics */ = {
			isa = XCSwiftPackageProductDependency;
			package = 22928AEB281FC734000FCEFA /* XCRemoteSwiftPackageReference "firebase-ios-sdk" */;
			productName = FirebaseCrashlytics;
		};
		22928AEC281FC734000FCEFA /* FirebaseAuth */ = {
			isa = XCSwiftPackageProductDependency;
			package = 22928AEB281FC734000FCEFA /* XCRemoteSwiftPackageReference "firebase-ios-sdk" */;
			productName = FirebaseAuth;
		};
		22928AEE281FC734000FCEFA /* FirebaseFirestore */ = {
			isa = XCSwiftPackageProductDependency;
			package = 22928AEB281FC734000FCEFA /* XCRemoteSwiftPackageReference "firebase-ios-sdk" */;
			productName = FirebaseFirestore;
		};
		22928AF0281FC734000FCEFA /* FirebaseFirestoreSwift-Beta */ = {
			isa = XCSwiftPackageProductDependency;
			package = 22928AEB281FC734000FCEFA /* XCRemoteSwiftPackageReference "firebase-ios-sdk" */;
			productName = "FirebaseFirestoreSwift-Beta";
		};
		22928AF2281FC734000FCEFA /* FirebaseStorage */ = {
			isa = XCSwiftPackageProductDependency;
			package = 22928AEB281FC734000FCEFA /* XCRemoteSwiftPackageReference "firebase-ios-sdk" */;
			productName = FirebaseStorage;
		};
/* End XCSwiftPackageProductDependency section */
	};
	rootObject = 22848DAC281BDBBD00AF996F /* Project object */;
}
