// !$*UTF8*$!
{
	archiveVersion = 1;
	classes = {
	};
	objectVersion = 55;
	objects = {

/* Begin PBXBuildFile section */
		225A1EFA282018F300C2C81E /* TrainingListViewModel.swift in Sources */ = {isa = PBXBuildFile; fileRef = 225A1EF9282018F300C2C81E /* TrainingListViewModel.swift */; };
		225A1EFD28201B4300C2C81E /* SkiDay.swift in Sources */ = {isa = PBXBuildFile; fileRef = 225A1EFC28201B4300C2C81E /* SkiDay.swift */; };
		225A1F012820FB4E00C2C81E /* TrainingDetailsViewModel.swift in Sources */ = {isa = PBXBuildFile; fileRef = 225A1F002820FB4E00C2C81E /* TrainingDetailsViewModel.swift */; };
		225A1F0728214C1C00C2C81E /* HomeViewModel.swift in Sources */ = {isa = PBXBuildFile; fileRef = 225A1F0628214C1B00C2C81E /* HomeViewModel.swift */; };
		225A1F0F2821559100C2C81E /* FilteredDaysView.swift in Sources */ = {isa = PBXBuildFile; fileRef = 225A1F0E2821559100C2C81E /* FilteredDaysView.swift */; };
		225A1F12282158C700C2C81E /* FilteredDaysViewModel.swift in Sources */ = {isa = PBXBuildFile; fileRef = 225A1F11282158C700C2C81E /* FilteredDaysViewModel.swift */; };
		225A1F1728228CFF00C2C81E /* SettingsView.swift in Sources */ = {isa = PBXBuildFile; fileRef = 225A1F1628228CFE00C2C81E /* SettingsView.swift */; };
		225A1F192822903700C2C81E /* SettingsViewModel.swift in Sources */ = {isa = PBXBuildFile; fileRef = 225A1F182822903600C2C81E /* SettingsViewModel.swift */; };
		22775C9B2823CD2800849BE3 /* User.swift in Sources */ = {isa = PBXBuildFile; fileRef = 22775C9A2823CD2800849BE3 /* User.swift */; };
		22775C9D2823D1BC00849BE3 /* UserService.swift in Sources */ = {isa = PBXBuildFile; fileRef = 22775C9C2823D1BC00849BE3 /* UserService.swift */; };
		22848DB8281BDBBD00AF996F /* SkiDaysApp.swift in Sources */ = {isa = PBXBuildFile; fileRef = 22848DB7281BDBBD00AF996F /* SkiDaysApp.swift */; };
		22848DBA281BDBBD00AF996F /* ContentView.swift in Sources */ = {isa = PBXBuildFile; fileRef = 22848DB9281BDBBD00AF996F /* ContentView.swift */; };
		22848DBC281BDBC800AF996F /* Assets.xcassets in Resources */ = {isa = PBXBuildFile; fileRef = 22848DBB281BDBC800AF996F /* Assets.xcassets */; };
		22848DBF281BDBC800AF996F /* Preview Assets.xcassets in Resources */ = {isa = PBXBuildFile; fileRef = 22848DBE281BDBC800AF996F /* Preview Assets.xcassets */; };
		22848DCB281BDD0600AF996F /* LoginView.swift in Sources */ = {isa = PBXBuildFile; fileRef = 22848DCA281BDD0600AF996F /* LoginView.swift */; };
		22848DCD281BDD1400AF996F /* RegistrationView.swift in Sources */ = {isa = PBXBuildFile; fileRef = 22848DCC281BDD1400AF996F /* RegistrationView.swift */; };
		22848DCF281BDF5E00AF996F /* CustomInputField.swift in Sources */ = {isa = PBXBuildFile; fileRef = 22848DCE281BDF5E00AF996F /* CustomInputField.swift */; };
		22848DD1281BDF7100AF996F /* AuthenticationHeader.swift in Sources */ = {isa = PBXBuildFile; fileRef = 22848DD0281BDF7100AF996F /* AuthenticationHeader.swift */; };
		22848DD3281BDF9600AF996F /* RoundedShape.swift in Sources */ = {isa = PBXBuildFile; fileRef = 22848DD2281BDF9600AF996F /* RoundedShape.swift */; };
		22848DD5281BE0D700AF996F /* Extentions.swift in Sources */ = {isa = PBXBuildFile; fileRef = 22848DD4281BE0D700AF996F /* Extentions.swift */; };
		22848DD8281BEA4A00AF996F /* HomeView.swift in Sources */ = {isa = PBXBuildFile; fileRef = 22848DD7281BEA4A00AF996F /* HomeView.swift */; };
		22848DDB281BEAC700AF996F /* DisciplineButtonView.swift in Sources */ = {isa = PBXBuildFile; fileRef = 22848DDA281BEAC700AF996F /* DisciplineButtonView.swift */; };
		22848DDE281BEF1C00AF996F /* TrainingDetailsView.swift in Sources */ = {isa = PBXBuildFile; fileRef = 22848DDD281BEF1C00AF996F /* TrainingDetailsView.swift */; };
		22848DE0281BEF5900AF996F /* DetailRowView.swift in Sources */ = {isa = PBXBuildFile; fileRef = 22848DDF281BEF5900AF996F /* DetailRowView.swift */; };
		22848DE3281BF6FB00AF996F /* TrainingsListView.swift in Sources */ = {isa = PBXBuildFile; fileRef = 22848DE2281BF6FB00AF996F /* TrainingsListView.swift */; };
		22848DE6281BF76A00AF996F /* TrainingRowView.swift in Sources */ = {isa = PBXBuildFile; fileRef = 22848DE5281BF76A00AF996F /* TrainingRowView.swift */; };
		22848DE9281C016700AF996F /* MainTabView.swift in Sources */ = {isa = PBXBuildFile; fileRef = 22848DE8281C016700AF996F /* MainTabView.swift */; };
		22928AD8281C086B000FCEFA /* AddTrainingView.swift in Sources */ = {isa = PBXBuildFile; fileRef = 22928AD7281C086B000FCEFA /* AddTrainingView.swift */; };
		22928ADB281C0B1D000FCEFA /* StatsView.swift in Sources */ = {isa = PBXBuildFile; fileRef = 22928ADA281C0B1D000FCEFA /* StatsView.swift */; };
		22928ADF281D1EE7000FCEFA /* DisciplineButtonViewModel.swift in Sources */ = {isa = PBXBuildFile; fileRef = 22928ADE281D1EE7000FCEFA /* DisciplineButtonViewModel.swift */; };
		22928AE1281D2291000FCEFA /* PickDisciplineButton.swift in Sources */ = {isa = PBXBuildFile; fileRef = 22928AE0281D2291000FCEFA /* PickDisciplineButton.swift */; };
		22928AEA281FC5BA000FCEFA /* GoogleService-Info.plist in Resources */ = {isa = PBXBuildFile; fileRef = 22928AE9281FC5BA000FCEFA /* GoogleService-Info.plist */; };
		22928AED281FC734000FCEFA /* FirebaseAuth in Frameworks */ = {isa = PBXBuildFile; productRef = 22928AEC281FC734000FCEFA /* FirebaseAuth */; };
		22928AEF281FC734000FCEFA /* FirebaseFirestore in Frameworks */ = {isa = PBXBuildFile; productRef = 22928AEE281FC734000FCEFA /* FirebaseFirestore */; };
		22928AF1281FC734000FCEFA /* FirebaseFirestoreSwift-Beta in Frameworks */ = {isa = PBXBuildFile; productRef = 22928AF0281FC734000FCEFA /* FirebaseFirestoreSwift-Beta */; };
		22928AF3281FC734000FCEFA /* FirebaseStorage in Frameworks */ = {isa = PBXBuildFile; productRef = 22928AF2281FC734000FCEFA /* FirebaseStorage */; };
		22928AF5281FCD17000FCEFA /* AuthViewModel.swift in Sources */ = {isa = PBXBuildFile; fileRef = 22928AF4281FCD16000FCEFA /* AuthViewModel.swift */; };
		2297F094284CA5AD00ACDBDF /* VideoPicker.swift in Sources */ = {isa = PBXBuildFile; fileRef = 2297F093284CA5AC00ACDBDF /* VideoPicker.swift */; };
		22C7A061281FF3C1003A9936 /* SkiDayService.swift in Sources */ = {isa = PBXBuildFile; fileRef = 22C7A060281FF3C1003A9936 /* SkiDayService.swift */; };
		22C7A063281FF67A003A9936 /* UploadSkiDayViewModel.swift in Sources */ = {isa = PBXBuildFile; fileRef = 22C7A062281FF67A003A9936 /* UploadSkiDayViewModel.swift */; };
		22F04E33284F56C100A5F03B /* DisciplineStatsRow.swift in Sources */ = {isa = PBXBuildFile; fileRef = 22F04E32284F56C100A5F03B /* DisciplineStatsRow.swift */; };
		22F04E37284F5E6B00A5F03B /* StatsViewModel.swift in Sources */ = {isa = PBXBuildFile; fileRef = 22F04E36284F5E6B00A5F03B /* StatsViewModel.swift */; };
		22F04E39284F5EC000A5F03B /* DisciplineStats.swift in Sources */ = {isa = PBXBuildFile; fileRef = 22F04E38284F5EC000A5F03B /* DisciplineStats.swift */; };
		22F04E3B284F601300A5F03B /* StatsService.swift in Sources */ = {isa = PBXBuildFile; fileRef = 22F04E3A284F601300A5F03B /* StatsService.swift */; };
/* End PBXBuildFile section */

/* Begin PBXFileReference section */
		225A1EF9282018F300C2C81E /* TrainingListViewModel.swift */ = {isa = PBXFileReference; lastKnownFileType = sourcecode.swift; path = TrainingListViewModel.swift; sourceTree = "<group>"; };
		225A1EFC28201B4300C2C81E /* SkiDay.swift */ = {isa = PBXFileReference; lastKnownFileType = sourcecode.swift; path = SkiDay.swift; sourceTree = "<group>"; };
		225A1F002820FB4E00C2C81E /* TrainingDetailsViewModel.swift */ = {isa = PBXFileReference; lastKnownFileType = sourcecode.swift; path = TrainingDetailsViewModel.swift; sourceTree = "<group>"; };
		225A1F0628214C1B00C2C81E /* HomeViewModel.swift */ = {isa = PBXFileReference; lastKnownFileType = sourcecode.swift; path = HomeViewModel.swift; sourceTree = "<group>"; };
		225A1F0E2821559100C2C81E /* FilteredDaysView.swift */ = {isa = PBXFileReference; lastKnownFileType = sourcecode.swift; path = FilteredDaysView.swift; sourceTree = "<group>"; };
		225A1F11282158C700C2C81E /* FilteredDaysViewModel.swift */ = {isa = PBXFileReference; lastKnownFileType = sourcecode.swift; path = FilteredDaysViewModel.swift; sourceTree = "<group>"; };
		225A1F1628228CFE00C2C81E /* SettingsView.swift */ = {isa = PBXFileReference; lastKnownFileType = sourcecode.swift; path = SettingsView.swift; sourceTree = "<group>"; };
		225A1F182822903600C2C81E /* SettingsViewModel.swift */ = {isa = PBXFileReference; lastKnownFileType = sourcecode.swift; path = SettingsViewModel.swift; sourceTree = "<group>"; };
		22775C9A2823CD2800849BE3 /* User.swift */ = {isa = PBXFileReference; lastKnownFileType = sourcecode.swift; path = User.swift; sourceTree = "<group>"; };
		22775C9C2823D1BC00849BE3 /* UserService.swift */ = {isa = PBXFileReference; lastKnownFileType = sourcecode.swift; path = UserService.swift; sourceTree = "<group>"; };
		22848DB4281BDBBD00AF996F /* SkiDays.app */ = {isa = PBXFileReference; explicitFileType = wrapper.application; includeInIndex = 0; path = SkiDays.app; sourceTree = BUILT_PRODUCTS_DIR; };
		22848DB7281BDBBD00AF996F /* SkiDaysApp.swift */ = {isa = PBXFileReference; lastKnownFileType = sourcecode.swift; path = SkiDaysApp.swift; sourceTree = "<group>"; };
		22848DB9281BDBBD00AF996F /* ContentView.swift */ = {isa = PBXFileReference; lastKnownFileType = sourcecode.swift; path = ContentView.swift; sourceTree = "<group>"; };
		22848DBB281BDBC800AF996F /* Assets.xcassets */ = {isa = PBXFileReference; lastKnownFileType = folder.assetcatalog; path = Assets.xcassets; sourceTree = "<group>"; };
		22848DBE281BDBC800AF996F /* Preview Assets.xcassets */ = {isa = PBXFileReference; lastKnownFileType = folder.assetcatalog; path = "Preview Assets.xcassets"; sourceTree = "<group>"; };
		22848DCA281BDD0600AF996F /* LoginView.swift */ = {isa = PBXFileReference; lastKnownFileType = sourcecode.swift; path = LoginView.swift; sourceTree = "<group>"; };
		22848DCC281BDD1400AF996F /* RegistrationView.swift */ = {isa = PBXFileReference; lastKnownFileType = sourcecode.swift; path = RegistrationView.swift; sourceTree = "<group>"; };
		22848DCE281BDF5E00AF996F /* CustomInputField.swift */ = {isa = PBXFileReference; fileEncoding = 4; lastKnownFileType = sourcecode.swift; path = CustomInputField.swift; sourceTree = "<group>"; };
		22848DD0281BDF7100AF996F /* AuthenticationHeader.swift */ = {isa = PBXFileReference; fileEncoding = 4; lastKnownFileType = sourcecode.swift; path = AuthenticationHeader.swift; sourceTree = "<group>"; };
		22848DD2281BDF9600AF996F /* RoundedShape.swift */ = {isa = PBXFileReference; fileEncoding = 4; lastKnownFileType = sourcecode.swift; path = RoundedShape.swift; sourceTree = "<group>"; };
		22848DD4281BE0D700AF996F /* Extentions.swift */ = {isa = PBXFileReference; lastKnownFileType = sourcecode.swift; path = Extentions.swift; sourceTree = "<group>"; };
		22848DD7281BEA4A00AF996F /* HomeView.swift */ = {isa = PBXFileReference; lastKnownFileType = sourcecode.swift; path = HomeView.swift; sourceTree = "<group>"; };
		22848DDA281BEAC700AF996F /* DisciplineButtonView.swift */ = {isa = PBXFileReference; lastKnownFileType = sourcecode.swift; path = DisciplineButtonView.swift; sourceTree = "<group>"; };
		22848DDD281BEF1C00AF996F /* TrainingDetailsView.swift */ = {isa = PBXFileReference; lastKnownFileType = sourcecode.swift; path = TrainingDetailsView.swift; sourceTree = "<group>"; };
		22848DDF281BEF5900AF996F /* DetailRowView.swift */ = {isa = PBXFileReference; lastKnownFileType = sourcecode.swift; path = DetailRowView.swift; sourceTree = "<group>"; };
		22848DE2281BF6FB00AF996F /* TrainingsListView.swift */ = {isa = PBXFileReference; lastKnownFileType = sourcecode.swift; path = TrainingsListView.swift; sourceTree = "<group>"; };
		22848DE5281BF76A00AF996F /* TrainingRowView.swift */ = {isa = PBXFileReference; lastKnownFileType = sourcecode.swift; path = TrainingRowView.swift; sourceTree = "<group>"; };
		22848DE8281C016700AF996F /* MainTabView.swift */ = {isa = PBXFileReference; lastKnownFileType = sourcecode.swift; path = MainTabView.swift; sourceTree = "<group>"; };
		22928AD7281C086B000FCEFA /* AddTrainingView.swift */ = {isa = PBXFileReference; lastKnownFileType = sourcecode.swift; path = AddTrainingView.swift; sourceTree = "<group>"; };
		22928ADA281C0B1D000FCEFA /* StatsView.swift */ = {isa = PBXFileReference; lastKnownFileType = sourcecode.swift; path = StatsView.swift; sourceTree = "<group>"; };
		22928ADE281D1EE7000FCEFA /* DisciplineButtonViewModel.swift */ = {isa = PBXFileReference; lastKnownFileType = sourcecode.swift; path = DisciplineButtonViewModel.swift; sourceTree = "<group>"; };
		22928AE0281D2291000FCEFA /* PickDisciplineButton.swift */ = {isa = PBXFileReference; lastKnownFileType = sourcecode.swift; path = PickDisciplineButton.swift; sourceTree = "<group>"; };
		22928AE9281FC5BA000FCEFA /* GoogleService-Info.plist */ = {isa = PBXFileReference; lastKnownFileType = text.plist; path = "GoogleService-Info.plist"; sourceTree = SOURCE_ROOT; };
		22928AF4281FCD16000FCEFA /* AuthViewModel.swift */ = {isa = PBXFileReference; lastKnownFileType = sourcecode.swift; path = AuthViewModel.swift; sourceTree = "<group>"; };
		2297F093284CA5AC00ACDBDF /* VideoPicker.swift */ = {isa = PBXFileReference; lastKnownFileType = sourcecode.swift; path = VideoPicker.swift; sourceTree = "<group>"; };
		22C7A060281FF3C1003A9936 /* SkiDayService.swift */ = {isa = PBXFileReference; lastKnownFileType = sourcecode.swift; path = SkiDayService.swift; sourceTree = "<group>"; };
		22C7A062281FF67A003A9936 /* UploadSkiDayViewModel.swift */ = {isa = PBXFileReference; lastKnownFileType = sourcecode.swift; path = UploadSkiDayViewModel.swift; sourceTree = "<group>"; };
		22F04E32284F56C100A5F03B /* DisciplineStatsRow.swift */ = {isa = PBXFileReference; lastKnownFileType = sourcecode.swift; path = DisciplineStatsRow.swift; sourceTree = "<group>"; };
		22F04E36284F5E6B00A5F03B /* StatsViewModel.swift */ = {isa = PBXFileReference; lastKnownFileType = sourcecode.swift; path = StatsViewModel.swift; sourceTree = "<group>"; };
		22F04E38284F5EC000A5F03B /* DisciplineStats.swift */ = {isa = PBXFileReference; lastKnownFileType = sourcecode.swift; path = DisciplineStats.swift; sourceTree = "<group>"; };
		22F04E3A284F601300A5F03B /* StatsService.swift */ = {isa = PBXFileReference; lastKnownFileType = sourcecode.swift; path = StatsService.swift; sourceTree = "<group>"; };
/* End PBXFileReference section */

/* Begin PBXFrameworksBuildPhase section */
		22848DB1281BDBBD00AF996F /* Frameworks */ = {
			isa = PBXFrameworksBuildPhase;
			buildActionMask = 2147483647;
			files = (
				22928AF1281FC734000FCEFA /* FirebaseFirestoreSwift-Beta in Frameworks */,
				22928AF3281FC734000FCEFA /* FirebaseStorage in Frameworks */,
				22928AED281FC734000FCEFA /* FirebaseAuth in Frameworks */,
				22928AEF281FC734000FCEFA /* FirebaseFirestore in Frameworks */,
			);
			runOnlyForDeploymentPostprocessing = 0;
		};
/* End PBXFrameworksBuildPhase section */

/* Begin PBXGroup section */
		225A1EF7282018D300C2C81E /* View */ = {
			isa = PBXGroup;
			children = (
				22848DE2281BF6FB00AF996F /* TrainingsListView.swift */,
			);
			path = View;
			sourceTree = "<group>";
		};
		225A1EF8282018D800C2C81E /* ViewModel */ = {
			isa = PBXGroup;
			children = (
				225A1EF9282018F300C2C81E /* TrainingListViewModel.swift */,
			);
			path = ViewModel;
			sourceTree = "<group>";
		};
		225A1EFB28201B3300C2C81E /* Model */ = {
			isa = PBXGroup;
			children = (
				225A1EFC28201B4300C2C81E /* SkiDay.swift */,
				22775C9A2823CD2800849BE3 /* User.swift */,
				22F04E38284F5EC000A5F03B /* DisciplineStats.swift */,
			);
			path = Model;
			sourceTree = "<group>";
		};
		225A1EFE2820FB3900C2C81E /* View */ = {
			isa = PBXGroup;
			children = (
			);
			path = View;
			sourceTree = "<group>";
		};
		225A1EFF2820FB3E00C2C81E /* ViewModel */ = {
			isa = PBXGroup;
			children = (
				225A1F002820FB4E00C2C81E /* TrainingDetailsViewModel.swift */,
			);
			path = ViewModel;
			sourceTree = "<group>";
		};
		225A1F0828214DD700C2C81E /* ViewModel */ = {
			isa = PBXGroup;
			children = (
				225A1F0628214C1B00C2C81E /* HomeViewModel.swift */,
			);
			path = ViewModel;
			sourceTree = "<group>";
		};
		225A1F0928214DE200C2C81E /* View */ = {
			isa = PBXGroup;
			children = (
				22848DD7281BEA4A00AF996F /* HomeView.swift */,
			);
			path = View;
			sourceTree = "<group>";
		};
		225A1F0A2821553900C2C81E /* FilteredDays */ = {
			isa = PBXGroup;
			children = (
				225A1F0B2821555F00C2C81E /* ViewModel */,
				225A1F0C2821556800C2C81E /* View */,
			);
			path = FilteredDays;
			sourceTree = "<group>";
		};
		225A1F0B2821555F00C2C81E /* ViewModel */ = {
			isa = PBXGroup;
			children = (
				225A1F11282158C700C2C81E /* FilteredDaysViewModel.swift */,
			);
			path = ViewModel;
			sourceTree = "<group>";
		};
		225A1F0C2821556800C2C81E /* View */ = {
			isa = PBXGroup;
			children = (
				225A1F0E2821559100C2C81E /* FilteredDaysView.swift */,
			);
			path = View;
			sourceTree = "<group>";
		};
		225A1F1328228CD000C2C81E /* Settings */ = {
			isa = PBXGroup;
			children = (
				225A1F1528228CE600C2C81E /* View Model */,
				225A1F1428228CE200C2C81E /* View */,
			);
			path = Settings;
			sourceTree = "<group>";
		};
		225A1F1428228CE200C2C81E /* View */ = {
			isa = PBXGroup;
			children = (
				225A1F1628228CFE00C2C81E /* SettingsView.swift */,
			);
			path = View;
			sourceTree = "<group>";
		};
		225A1F1528228CE600C2C81E /* View Model */ = {
			isa = PBXGroup;
			children = (
				225A1F182822903600C2C81E /* SettingsViewModel.swift */,
			);
			path = "View Model";
			sourceTree = "<group>";
		};
		22848DAB281BDBBD00AF996F = {
			isa = PBXGroup;
			children = (
				22848DB6281BDBBD00AF996F /* SkiDays */,
				22848DB5281BDBBD00AF996F /* Products */,
			);
			sourceTree = "<group>";
		};
		22848DB5281BDBBD00AF996F /* Products */ = {
			isa = PBXGroup;
			children = (
				22848DB4281BDBBD00AF996F /* SkiDays.app */,
			);
			name = Products;
			sourceTree = "<group>";
		};
		22848DB6281BDBBD00AF996F /* SkiDays */ = {
			isa = PBXGroup;
			children = (
				22848DC5281BDCC100AF996F /* Core */,
				22848DB7281BDBBD00AF996F /* SkiDaysApp.swift */,
				22848DB9281BDBBD00AF996F /* ContentView.swift */,
				22848DBB281BDBC800AF996F /* Assets.xcassets */,
				22928AE9281FC5BA000FCEFA /* GoogleService-Info.plist */,
				22848DBD281BDBC800AF996F /* Preview Content */,
			);
			path = SkiDays;
			sourceTree = "<group>";
		};
		22848DBD281BDBC800AF996F /* Preview Content */ = {
			isa = PBXGroup;
			children = (
				22848DBE281BDBC800AF996F /* Preview Assets.xcassets */,
			);
			path = "Preview Content";
			sourceTree = "<group>";
		};
		22848DC5281BDCC100AF996F /* Core */ = {
			isa = PBXGroup;
			children = (
				225A1EFB28201B3300C2C81E /* Model */,
				22848DC6281BDCC700AF996F /* Components */,
				22C7A05F281FF398003A9936 /* Service */,
				225A1F1328228CD000C2C81E /* Settings */,
				22928AD9281C0B0C000FCEFA /* Stats */,
				22848DE7281C015B00AF996F /* MainTab */,
				22848DD6281BEA2000AF996F /* Home */,
				225A1F0A2821553900C2C81E /* FilteredDays */,
				22848DE1281BF6DA00AF996F /* TrainingsList */,
				22928AD6281C0855000FCEFA /* AddTraining */,
				22848DDC281BEEFE00AF996F /* TrainingDetails */,
				22848DC7281BDCDB00AF996F /* Authentication */,
				22848DD4281BE0D700AF996F /* Extentions.swift */,
			);
			path = Core;
			sourceTree = "<group>";
		};
		22848DC6281BDCC700AF996F /* Components */ = {
			isa = PBXGroup;
			children = (
				22F04E31284F56AD00A5F03B /* DisciplineStats */,
				229D3AB7284E1C5600B52B9D /* Shapes */,
				22928AE6281D3027000FCEFA /* TextFields */,
				22848DE4281BF75A00AF996F /* RowViews */,
				22848DD9281BEAA900AF996F /* Buttons */,
				229D3AB8284E207E00B52B9D /* VideoPicker */,
			);
			path = Components;
			sourceTree = "<group>";
		};
		22848DC7281BDCDB00AF996F /* Authentication */ = {
			isa = PBXGroup;
			children = (
				22848DC8281BDCE600AF996F /* ViewModel */,
				22848DC9281BDCED00AF996F /* Views */,
			);
			path = Authentication;
			sourceTree = "<group>";
		};
		22848DC8281BDCE600AF996F /* ViewModel */ = {
			isa = PBXGroup;
			children = (
				22928AF4281FCD16000FCEFA /* AuthViewModel.swift */,
			);
			path = ViewModel;
			sourceTree = "<group>";
		};
		22848DC9281BDCED00AF996F /* Views */ = {
			isa = PBXGroup;
			children = (
				22848DCA281BDD0600AF996F /* LoginView.swift */,
				22848DCC281BDD1400AF996F /* RegistrationView.swift */,
			);
			path = Views;
			sourceTree = "<group>";
		};
		22848DD6281BEA2000AF996F /* Home */ = {
			isa = PBXGroup;
			children = (
				225A1F0828214DD700C2C81E /* ViewModel */,
				225A1F0928214DE200C2C81E /* View */,
			);
			path = Home;
			sourceTree = "<group>";
		};
		22848DD9281BEAA900AF996F /* Buttons */ = {
			isa = PBXGroup;
			children = (
				22848DDA281BEAC700AF996F /* DisciplineButtonView.swift */,
				22928AE0281D2291000FCEFA /* PickDisciplineButton.swift */,
			);
			path = Buttons;
			sourceTree = "<group>";
		};
		22848DDC281BEEFE00AF996F /* TrainingDetails */ = {
			isa = PBXGroup;
			children = (
				225A1EFF2820FB3E00C2C81E /* ViewModel */,
				225A1EFE2820FB3900C2C81E /* View */,
				22848DDD281BEF1C00AF996F /* TrainingDetailsView.swift */,
			);
			path = TrainingDetails;
			sourceTree = "<group>";
		};
		22848DE1281BF6DA00AF996F /* TrainingsList */ = {
			isa = PBXGroup;
			children = (
				225A1EF8282018D800C2C81E /* ViewModel */,
				225A1EF7282018D300C2C81E /* View */,
			);
			path = TrainingsList;
			sourceTree = "<group>";
		};
		22848DE4281BF75A00AF996F /* RowViews */ = {
			isa = PBXGroup;
			children = (
				22848DE5281BF76A00AF996F /* TrainingRowView.swift */,
				22848DDF281BEF5900AF996F /* DetailRowView.swift */,
			);
			path = RowViews;
			sourceTree = "<group>";
		};
		22848DE7281C015B00AF996F /* MainTab */ = {
			isa = PBXGroup;
			children = (
				22848DE8281C016700AF996F /* MainTabView.swift */,
			);
			path = MainTab;
			sourceTree = "<group>";
		};
		22928AD6281C0855000FCEFA /* AddTraining */ = {
			isa = PBXGroup;
			children = (
				22928ADD281D1EC3000FCEFA /* ViewModels */,
				22928ADC281D1EBA000FCEFA /* View */,
			);
			path = AddTraining;
			sourceTree = "<group>";
		};
		22928AD9281C0B0C000FCEFA /* Stats */ = {
			isa = PBXGroup;
			children = (
				22F04E35284F5E5800A5F03B /* ViewModel */,
				22F04E34284F5E5300A5F03B /* View */,
			);
			path = Stats;
			sourceTree = "<group>";
		};
		22928ADC281D1EBA000FCEFA /* View */ = {
			isa = PBXGroup;
			children = (
				22928AD7281C086B000FCEFA /* AddTrainingView.swift */,
			);
			path = View;
			sourceTree = "<group>";
		};
		22928ADD281D1EC3000FCEFA /* ViewModels */ = {
			isa = PBXGroup;
			children = (
				22928ADE281D1EE7000FCEFA /* DisciplineButtonViewModel.swift */,
				22C7A062281FF67A003A9936 /* UploadSkiDayViewModel.swift */,
			);
			path = ViewModels;
			sourceTree = "<group>";
		};
		22928AE6281D3027000FCEFA /* TextFields */ = {
			isa = PBXGroup;
			children = (
				22848DCE281BDF5E00AF996F /* CustomInputField.swift */,
			);
			path = TextFields;
			sourceTree = "<group>";
		};
		229D3AB7284E1C5600B52B9D /* Shapes */ = {
			isa = PBXGroup;
			children = (
				22848DD2281BDF9600AF996F /* RoundedShape.swift */,
				22848DD0281BDF7100AF996F /* AuthenticationHeader.swift */,
			);
			path = Shapes;
			sourceTree = "<group>";
		};
		229D3AB8284E207E00B52B9D /* VideoPicker */ = {
			isa = PBXGroup;
			children = (
				2297F093284CA5AC00ACDBDF /* VideoPicker.swift */,
			);
			path = VideoPicker;
			sourceTree = "<group>";
		};
		22C7A05F281FF398003A9936 /* Service */ = {
			isa = PBXGroup;
			children = (
				22C7A060281FF3C1003A9936 /* SkiDayService.swift */,
				22775C9C2823D1BC00849BE3 /* UserService.swift */,
				22F04E3A284F601300A5F03B /* StatsService.swift */,
			);
			path = Service;
			sourceTree = "<group>";
		};
		22F04E31284F56AD00A5F03B /* DisciplineStats */ = {
			isa = PBXGroup;
			children = (
				22F04E32284F56C100A5F03B /* DisciplineStatsRow.swift */,
			);
			path = DisciplineStats;
			sourceTree = "<group>";
		};
		22F04E34284F5E5300A5F03B /* View */ = {
			isa = PBXGroup;
			children = (
				22928ADA281C0B1D000FCEFA /* StatsView.swift */,
			);
			path = View;
			sourceTree = "<group>";
		};
		22F04E35284F5E5800A5F03B /* ViewModel */ = {
			isa = PBXGroup;
			children = (
				22F04E36284F5E6B00A5F03B /* StatsViewModel.swift */,
			);
			path = ViewModel;
			sourceTree = "<group>";
		};
/* End PBXGroup section */

/* Begin PBXNativeTarget section */
		22848DB3281BDBBD00AF996F /* SkiDays */ = {
			isa = PBXNativeTarget;
			buildConfigurationList = 22848DC2281BDBC800AF996F /* Build configuration list for PBXNativeTarget "SkiDays" */;
			buildPhases = (
				22848DB0281BDBBD00AF996F /* Sources */,
				22848DB1281BDBBD00AF996F /* Frameworks */,
				22848DB2281BDBBD00AF996F /* Resources */,
			);
			buildRules = (
			);
			dependencies = (
			);
			name = SkiDays;
			packageProductDependencies = (
				22928AEC281FC734000FCEFA /* FirebaseAuth */,
				22928AEE281FC734000FCEFA /* FirebaseFirestore */,
				22928AF0281FC734000FCEFA /* FirebaseFirestoreSwift-Beta */,
				22928AF2281FC734000FCEFA /* FirebaseStorage */,
			);
			productName = SkiDays;
			productReference = 22848DB4281BDBBD00AF996F /* SkiDays.app */;
			productType = "com.apple.product-type.application";
		};
/* End PBXNativeTarget section */

/* Begin PBXProject section */
		22848DAC281BDBBD00AF996F /* Project object */ = {
			isa = PBXProject;
			attributes = {
				BuildIndependentTargetsInParallel = 1;
				LastSwiftUpdateCheck = 1300;
				LastUpgradeCheck = 1300;
				TargetAttributes = {
					22848DB3281BDBBD00AF996F = {
						CreatedOnToolsVersion = 13.0;
					};
				};
			};
			buildConfigurationList = 22848DAF281BDBBD00AF996F /* Build configuration list for PBXProject "SkiDays" */;
			compatibilityVersion = "Xcode 13.0";
			developmentRegion = en;
			hasScannedForEncodings = 0;
			knownRegions = (
				en,
				Base,
			);
			mainGroup = 22848DAB281BDBBD00AF996F;
			packageReferences = (
				22928AEB281FC734000FCEFA /* XCRemoteSwiftPackageReference "firebase-ios-sdk" */,
			);
			productRefGroup = 22848DB5281BDBBD00AF996F /* Products */;
			projectDirPath = "";
			projectRoot = "";
			targets = (
				22848DB3281BDBBD00AF996F /* SkiDays */,
			);
		};
/* End PBXProject section */

/* Begin PBXResourcesBuildPhase section */
		22848DB2281BDBBD00AF996F /* Resources */ = {
			isa = PBXResourcesBuildPhase;
			buildActionMask = 2147483647;
			files = (
				22848DBF281BDBC800AF996F /* Preview Assets.xcassets in Resources */,
				22848DBC281BDBC800AF996F /* Assets.xcassets in Resources */,
				22928AEA281FC5BA000FCEFA /* GoogleService-Info.plist in Resources */,
			);
			runOnlyForDeploymentPostprocessing = 0;
		};
/* End PBXResourcesBuildPhase section */

/* Begin PBXSourcesBuildPhase section */
		22848DB0281BDBBD00AF996F /* Sources */ = {
			isa = PBXSourcesBuildPhase;
			buildActionMask = 2147483647;
			files = (
				22928AD8281C086B000FCEFA /* AddTrainingView.swift in Sources */,
				225A1F12282158C700C2C81E /* FilteredDaysViewModel.swift in Sources */,
				22848DDB281BEAC700AF996F /* DisciplineButtonView.swift in Sources */,
				225A1EFA282018F300C2C81E /* TrainingListViewModel.swift in Sources */,
				22775C9B2823CD2800849BE3 /* User.swift in Sources */,
				22848DD8281BEA4A00AF996F /* HomeView.swift in Sources */,
				22848DDE281BEF1C00AF996F /* TrainingDetailsView.swift in Sources */,
				2297F094284CA5AD00ACDBDF /* VideoPicker.swift in Sources */,
				225A1EFD28201B4300C2C81E /* SkiDay.swift in Sources */,
				22C7A061281FF3C1003A9936 /* SkiDayService.swift in Sources */,
				225A1F0F2821559100C2C81E /* FilteredDaysView.swift in Sources */,
				22848DE6281BF76A00AF996F /* TrainingRowView.swift in Sources */,
				22848DD3281BDF9600AF996F /* RoundedShape.swift in Sources */,
				225A1F0728214C1C00C2C81E /* HomeViewModel.swift in Sources */,
				225A1F012820FB4E00C2C81E /* TrainingDetailsViewModel.swift in Sources */,
				22F04E39284F5EC000A5F03B /* DisciplineStats.swift in Sources */,
				22848DE3281BF6FB00AF996F /* TrainingsListView.swift in Sources */,
				225A1F1728228CFF00C2C81E /* SettingsView.swift in Sources */,
				22775C9D2823D1BC00849BE3 /* UserService.swift in Sources */,
				22928AE1281D2291000FCEFA /* PickDisciplineButton.swift in Sources */,
				22848DCF281BDF5E00AF996F /* CustomInputField.swift in Sources */,
				22F04E37284F5E6B00A5F03B /* StatsViewModel.swift in Sources */,
				225A1F192822903700C2C81E /* SettingsViewModel.swift in Sources */,
				22848DCB281BDD0600AF996F /* LoginView.swift in Sources */,
				22C7A063281FF67A003A9936 /* UploadSkiDayViewModel.swift in Sources */,
				22848DBA281BDBBD00AF996F /* ContentView.swift in Sources */,
				22928ADF281D1EE7000FCEFA /* DisciplineButtonViewModel.swift in Sources */,
				22F04E3B284F601300A5F03B /* StatsService.swift in Sources */,
				22848DD5281BE0D700AF996F /* Extentions.swift in Sources */,
				22848DE0281BEF5900AF996F /* DetailRowView.swift in Sources */,
				22928ADB281C0B1D000FCEFA /* StatsView.swift in Sources */,
				22F04E33284F56C100A5F03B /* DisciplineStatsRow.swift in Sources */,
				22848DB8281BDBBD00AF996F /* SkiDaysApp.swift in Sources */,
				22928AF5281FCD17000FCEFA /* AuthViewModel.swift in Sources */,
				22848DD1281BDF7100AF996F /* AuthenticationHeader.swift in Sources */,
				22848DCD281BDD1400AF996F /* RegistrationView.swift in Sources */,
				22848DE9281C016700AF996F /* MainTabView.swift in Sources */,
			);
			runOnlyForDeploymentPostprocessing = 0;
		};
/* End PBXSourcesBuildPhase section */

/* Begin XCBuildConfiguration section */
		22848DC0281BDBC800AF996F /* Debug */ = {
			isa = XCBuildConfiguration;
			buildSettings = {
				ALWAYS_SEARCH_USER_PATHS = NO;
				CLANG_ANALYZER_NONNULL = YES;
				CLANG_ANALYZER_NUMBER_OBJECT_CONVERSION = YES_AGGRESSIVE;
				CLANG_CXX_LANGUAGE_STANDARD = "gnu++17";
				CLANG_CXX_LIBRARY = "libc++";
				CLANG_ENABLE_MODULES = YES;
				CLANG_ENABLE_OBJC_ARC = YES;
				CLANG_ENABLE_OBJC_WEAK = YES;
				CLANG_WARN_BLOCK_CAPTURE_AUTORELEASING = YES;
				CLANG_WARN_BOOL_CONVERSION = YES;
				CLANG_WARN_COMMA = YES;
				CLANG_WARN_CONSTANT_CONVERSION = YES;
				CLANG_WARN_DEPRECATED_OBJC_IMPLEMENTATIONS = YES;
				CLANG_WARN_DIRECT_OBJC_ISA_USAGE = YES_ERROR;
				CLANG_WARN_DOCUMENTATION_COMMENTS = YES;
				CLANG_WARN_EMPTY_BODY = YES;
				CLANG_WARN_ENUM_CONVERSION = YES;
				CLANG_WARN_INFINITE_RECURSION = YES;
				CLANG_WARN_INT_CONVERSION = YES;
				CLANG_WARN_NON_LITERAL_NULL_CONVERSION = YES;
				CLANG_WARN_OBJC_IMPLICIT_RETAIN_SELF = YES;
				CLANG_WARN_OBJC_LITERAL_CONVERSION = YES;
				CLANG_WARN_OBJC_ROOT_CLASS = YES_ERROR;
				CLANG_WARN_QUOTED_INCLUDE_IN_FRAMEWORK_HEADER = YES;
				CLANG_WARN_RANGE_LOOP_ANALYSIS = YES;
				CLANG_WARN_STRICT_PROTOTYPES = YES;
				CLANG_WARN_SUSPICIOUS_MOVE = YES;
				CLANG_WARN_UNGUARDED_AVAILABILITY = YES_AGGRESSIVE;
				CLANG_WARN_UNREACHABLE_CODE = YES;
				CLANG_WARN__DUPLICATE_METHOD_MATCH = YES;
				COPY_PHASE_STRIP = NO;
				DEBUG_INFORMATION_FORMAT = dwarf;
				ENABLE_STRICT_OBJC_MSGSEND = YES;
				ENABLE_TESTABILITY = YES;
				GCC_C_LANGUAGE_STANDARD = gnu11;
				GCC_DYNAMIC_NO_PIC = NO;
				GCC_NO_COMMON_BLOCKS = YES;
				GCC_OPTIMIZATION_LEVEL = 0;
				GCC_PREPROCESSOR_DEFINITIONS = (
					"DEBUG=1",
					"$(inherited)",
				);
				GCC_WARN_64_TO_32_BIT_CONVERSION = YES;
				GCC_WARN_ABOUT_RETURN_TYPE = YES_ERROR;
				GCC_WARN_UNDECLARED_SELECTOR = YES;
				GCC_WARN_UNINITIALIZED_AUTOS = YES_AGGRESSIVE;
				GCC_WARN_UNUSED_FUNCTION = YES;
				GCC_WARN_UNUSED_VARIABLE = YES;
				IPHONEOS_DEPLOYMENT_TARGET = 15.0;
				MTL_ENABLE_DEBUG_INFO = INCLUDE_SOURCE;
				MTL_FAST_MATH = YES;
				ONLY_ACTIVE_ARCH = YES;
				SDKROOT = iphoneos;
				SWIFT_ACTIVE_COMPILATION_CONDITIONS = DEBUG;
				SWIFT_OPTIMIZATION_LEVEL = "-Onone";
			};
			name = Debug;
		};
		22848DC1281BDBC800AF996F /* Release */ = {
			isa = XCBuildConfiguration;
			buildSettings = {
				ALWAYS_SEARCH_USER_PATHS = NO;
				CLANG_ANALYZER_NONNULL = YES;
				CLANG_ANALYZER_NUMBER_OBJECT_CONVERSION = YES_AGGRESSIVE;
				CLANG_CXX_LANGUAGE_STANDARD = "gnu++17";
				CLANG_CXX_LIBRARY = "libc++";
				CLANG_ENABLE_MODULES = YES;
				CLANG_ENABLE_OBJC_ARC = YES;
				CLANG_ENABLE_OBJC_WEAK = YES;
				CLANG_WARN_BLOCK_CAPTURE_AUTORELEASING = YES;
				CLANG_WARN_BOOL_CONVERSION = YES;
				CLANG_WARN_COMMA = YES;
				CLANG_WARN_CONSTANT_CONVERSION = YES;
				CLANG_WARN_DEPRECATED_OBJC_IMPLEMENTATIONS = YES;
				CLANG_WARN_DIRECT_OBJC_ISA_USAGE = YES_ERROR;
				CLANG_WARN_DOCUMENTATION_COMMENTS = YES;
				CLANG_WARN_EMPTY_BODY = YES;
				CLANG_WARN_ENUM_CONVERSION = YES;
				CLANG_WARN_INFINITE_RECURSION = YES;
				CLANG_WARN_INT_CONVERSION = YES;
				CLANG_WARN_NON_LITERAL_NULL_CONVERSION = YES;
				CLANG_WARN_OBJC_IMPLICIT_RETAIN_SELF = YES;
				CLANG_WARN_OBJC_LITERAL_CONVERSION = YES;
				CLANG_WARN_OBJC_ROOT_CLASS = YES_ERROR;
				CLANG_WARN_QUOTED_INCLUDE_IN_FRAMEWORK_HEADER = YES;
				CLANG_WARN_RANGE_LOOP_ANALYSIS = YES;
				CLANG_WARN_STRICT_PROTOTYPES = YES;
				CLANG_WARN_SUSPICIOUS_MOVE = YES;
				CLANG_WARN_UNGUARDED_AVAILABILITY = YES_AGGRESSIVE;
				CLANG_WARN_UNREACHABLE_CODE = YES;
				CLANG_WARN__DUPLICATE_METHOD_MATCH = YES;
				COPY_PHASE_STRIP = NO;
				DEBUG_INFORMATION_FORMAT = "dwarf-with-dsym";
				ENABLE_NS_ASSERTIONS = NO;
				ENABLE_STRICT_OBJC_MSGSEND = YES;
				GCC_C_LANGUAGE_STANDARD = gnu11;
				GCC_NO_COMMON_BLOCKS = YES;
				GCC_WARN_64_TO_32_BIT_CONVERSION = YES;
				GCC_WARN_ABOUT_RETURN_TYPE = YES_ERROR;
				GCC_WARN_UNDECLARED_SELECTOR = YES;
				GCC_WARN_UNINITIALIZED_AUTOS = YES_AGGRESSIVE;
				GCC_WARN_UNUSED_FUNCTION = YES;
				GCC_WARN_UNUSED_VARIABLE = YES;
				IPHONEOS_DEPLOYMENT_TARGET = 15.0;
				MTL_ENABLE_DEBUG_INFO = NO;
				MTL_FAST_MATH = YES;
				SDKROOT = iphoneos;
				SWIFT_COMPILATION_MODE = wholemodule;
				SWIFT_OPTIMIZATION_LEVEL = "-O";
				VALIDATE_PRODUCT = YES;
			};
			name = Release;
		};
		22848DC3281BDBC800AF996F /* Debug */ = {
			isa = XCBuildConfiguration;
			buildSettings = {
				ASSETCATALOG_COMPILER_APPICON_NAME = AppIcon;
				ASSETCATALOG_COMPILER_GLOBAL_ACCENT_COLOR_NAME = AccentColor;
				CODE_SIGN_STYLE = Automatic;
				CURRENT_PROJECT_VERSION = 1;
				DEVELOPMENT_ASSET_PATHS = "\"SkiDays/Preview Content\"";
				DEVELOPMENT_TEAM = 3P5872A6DS;
				ENABLE_PREVIEWS = YES;
				GENERATE_INFOPLIST_FILE = YES;
				INFOPLIST_KEY_NSPhotoLibraryUsageDescription = "";
				INFOPLIST_KEY_UIApplicationSceneManifest_Generation = YES;
				INFOPLIST_KEY_UIApplicationSupportsIndirectInputEvents = YES;
				INFOPLIST_KEY_UILaunchScreen_Generation = YES;
				INFOPLIST_KEY_UISupportedInterfaceOrientations = UIInterfaceOrientationPortrait;
				INFOPLIST_KEY_UISupportedInterfaceOrientations_iPad = UIInterfaceOrientationPortrait;
				INFOPLIST_KEY_UISupportedInterfaceOrientations_iPhone = UIInterfaceOrientationPortrait;
				IPHONEOS_DEPLOYMENT_TARGET = 15.0;
				LD_RUNPATH_SEARCH_PATHS = (
					"$(inherited)",
					"@executable_path/Frameworks",
				);
				MARKETING_VERSION = 1.0;
				PRODUCT_BUNDLE_IDENTIFIER = "com.michal-michalik.SkiDays";
				PRODUCT_NAME = "$(TARGET_NAME)";
				SWIFT_EMIT_LOC_STRINGS = YES;
				SWIFT_VERSION = 5.0;
				TARGETED_DEVICE_FAMILY = 1;
			};
			name = Debug;
		};
		22848DC4281BDBC800AF996F /* Release */ = {
			isa = XCBuildConfiguration;
			buildSettings = {
				ASSETCATALOG_COMPILER_APPICON_NAME = AppIcon;
				ASSETCATALOG_COMPILER_GLOBAL_ACCENT_COLOR_NAME = AccentColor;
				CODE_SIGN_STYLE = Automatic;
				CURRENT_PROJECT_VERSION = 1;
				DEVELOPMENT_ASSET_PATHS = "\"SkiDays/Preview Content\"";
				DEVELOPMENT_TEAM = 3P5872A6DS;
				ENABLE_PREVIEWS = YES;
				GENERATE_INFOPLIST_FILE = YES;
				INFOPLIST_KEY_NSPhotoLibraryUsageDescription = "";
				INFOPLIST_KEY_UIApplicationSceneManifest_Generation = YES;
				INFOPLIST_KEY_UIApplicationSupportsIndirectInputEvents = YES;
				INFOPLIST_KEY_UILaunchScreen_Generation = YES;
				INFOPLIST_KEY_UISupportedInterfaceOrientations = UIInterfaceOrientationPortrait;
				INFOPLIST_KEY_UISupportedInterfaceOrientations_iPad = UIInterfaceOrientationPortrait;
				INFOPLIST_KEY_UISupportedInterfaceOrientations_iPhone = UIInterfaceOrientationPortrait;
				IPHONEOS_DEPLOYMENT_TARGET = 15.0;
				LD_RUNPATH_SEARCH_PATHS = (
					"$(inherited)",
					"@executable_path/Frameworks",
				);
				MARKETING_VERSION = 1.0;
				PRODUCT_BUNDLE_IDENTIFIER = "com.michal-michalik.SkiDays";
				PRODUCT_NAME = "$(TARGET_NAME)";
				SWIFT_EMIT_LOC_STRINGS = YES;
				SWIFT_VERSION = 5.0;
				TARGETED_DEVICE_FAMILY = 1;
			};
			name = Release;
		};
/* End XCBuildConfiguration section */

/* Begin XCConfigurationList section */
		22848DAF281BDBBD00AF996F /* Build configuration list for PBXProject "SkiDays" */ = {
			isa = XCConfigurationList;
			buildConfigurations = (
				22848DC0281BDBC800AF996F /* Debug */,
				22848DC1281BDBC800AF996F /* Release */,
			);
			defaultConfigurationIsVisible = 0;
			defaultConfigurationName = Release;
		};
		22848DC2281BDBC800AF996F /* Build configuration list for PBXNativeTarget "SkiDays" */ = {
			isa = XCConfigurationList;
			buildConfigurations = (
				22848DC3281BDBC800AF996F /* Debug */,
				22848DC4281BDBC800AF996F /* Release */,
			);
			defaultConfigurationIsVisible = 0;
			defaultConfigurationName = Release;
		};
/* End XCConfigurationList section */

/* Begin XCRemoteSwiftPackageReference section */
		22928AEB281FC734000FCEFA /* XCRemoteSwiftPackageReference "firebase-ios-sdk" */ = {
			isa = XCRemoteSwiftPackageReference;
			repositoryURL = "https://github.com/firebase/firebase-ios-sdk";
			requirement = {
				kind = upToNextMajorVersion;
				minimumVersion = 8.0.0;
			};
		};
/* End XCRemoteSwiftPackageReference section */

/* Begin XCSwiftPackageProductDependency section */
		22928AEC281FC734000FCEFA /* FirebaseAuth */ = {
			isa = XCSwiftPackageProductDependency;
			package = 22928AEB281FC734000FCEFA /* XCRemoteSwiftPackageReference "firebase-ios-sdk" */;
			productName = FirebaseAuth;
		};
		22928AEE281FC734000FCEFA /* FirebaseFirestore */ = {
			isa = XCSwiftPackageProductDependency;
			package = 22928AEB281FC734000FCEFA /* XCRemoteSwiftPackageReference "firebase-ios-sdk" */;
			productName = FirebaseFirestore;
		};
		22928AF0281FC734000FCEFA /* FirebaseFirestoreSwift-Beta */ = {
			isa = XCSwiftPackageProductDependency;
			package = 22928AEB281FC734000FCEFA /* XCRemoteSwiftPackageReference "firebase-ios-sdk" */;
			productName = "FirebaseFirestoreSwift-Beta";
		};
		22928AF2281FC734000FCEFA /* FirebaseStorage */ = {
			isa = XCSwiftPackageProductDependency;
			package = 22928AEB281FC734000FCEFA /* XCRemoteSwiftPackageReference "firebase-ios-sdk" */;
			productName = FirebaseStorage;
		};
/* End XCSwiftPackageProductDependency section */
	};
	rootObject = 22848DAC281BDBBD00AF996F /* Project object */;
}
